
Microsoft Visual Studio Solution File, Format Version 12.00
# Visual Studio Version 17
VisualStudioVersion = 17.14.36121.58
MinimumVisualStudioVersion = 10.0.40219.1
Project("{FAE04EC0-301F-11D3-BF4B-00C04F79EFBC}") = "PaintingProjectsManagement.Api", "PaintingProjectsManagement.Api\PaintingProjectsManagement.Api.csproj", "{9CBFB336-FFF3-B7F5-4AAB-EA81F533505A}"
EndProject
Project("{FAE04EC0-301F-11D3-BF4B-00C04F79EFBC}") = "PaintingProjectsManagement.AppHost", "PaintingProjectsManagement.AppHost\PaintingProjectsManagement.AppHost.csproj", "{8729A108-EC6E-4AC8-B8B1-AF77BC70D87D}"
EndProject
Project("{FAE04EC0-301F-11D3-BF4B-00C04F79EFBC}") = "PaintingProjectsManagement.ServiceDefaults", "PaintingProjectsManagement.ServiceDefaults\PaintingProjectsManagement.ServiceDefaults.csproj", "{38FFA2A0-C1AD-370F-B1E6-5AB5A54F0A40}"
EndProject
Project("{2150E333-8FDC-42A3-9474-1A3956D46DE8}") = "Aspire", "Aspire", "{02EA681E-C7D8-13C7-8484-4AC65E1B71E8}"
EndProject
Project("{2150E333-8FDC-42A3-9474-1A3956D46DE8}") = "Domain", "Domain", "{97F69B6E-8643-41C7-9816-49A885DCD4A2}"
EndProject
Project("{2150E333-8FDC-42A3-9474-1A3956D46DE8}") = "Infrastructure", "Infrastructure", "{ADB915B9-7C76-4A12-BC62-0C603457F96B}"
EndProject
Project("{2150E333-8FDC-42A3-9474-1A3956D46DE8}") = "Database", "Database", "{4D59F3BB-DD6A-4E66-9D72-C4B1E589F501}"
EndProject
Project("{2150E333-8FDC-42A3-9474-1A3956D46DE8}") = "Features", "Features", "{62FCA1BB-F9B6-482D-9FD5-2F2FC920D966}"
EndProject
Project("{2150E333-8FDC-42A3-9474-1A3956D46DE8}") = "Shared", "Shared", "{945C31FD-D6F8-4151-B6AF-CC2CE597DF36}"
EndProject
Project("{2150E333-8FDC-42A3-9474-1A3956D46DE8}") = "Materials", "Materials", "{40F9882D-8D52-4023-A4DB-ECB1815AACB1}"
EndProject
Project("{2150E333-8FDC-42A3-9474-1A3956D46DE8}") = "Paints", "Paints", "{B551456D-BBBE-4174-AE03-36B8B3C9503D}"
EndProject
Project("{2150E333-8FDC-42A3-9474-1A3956D46DE8}") = "Models", "Models", "{BE9FF04B-C8FA-48FA-9C1A-4508D8CACCF0}"
EndProject
Project("{2150E333-8FDC-42A3-9474-1A3956D46DE8}") = "Projects", "Projects", "{6398C842-1E51-4272-9993-0055BB2E71E3}"
EndProject
Project("{FAE04EC0-301F-11D3-BF4B-00C04F79EFBC}") = "rbkApiModules.Commons.Core", "rbkApiModules\rbkApiModules.Commons.Core\rbkApiModules.Commons.Core.csproj", "{676179CB-A219-43FA-8197-68ADFF33B13F}"
EndProject
Project("{FAE04EC0-301F-11D3-BF4B-00C04F79EFBC}") = "PaintingProjectsManagement.Features.Materials", "PaintingProjectsManagement.Features.Materials\PaintingProjectsManagement.Features.Materials.csproj", "{9ABF31BF-F2E7-4154-B582-C06D187E6580}"
EndProject
Project("{FAE04EC0-301F-11D3-BF4B-00C04F79EFBC}") = "PaintingProjectsManagement.Features.Materials.Tests", "PaintingProjectsManagement.Features.Materials.Tests\PaintingProjectsManagement.Features.Materials.Tests.csproj", "{2A9FEABB-592F-4BB0-A13E-B716205D3A4F}"
EndProject
Project("{FAE04EC0-301F-11D3-BF4B-00C04F79EFBC}") = "PaintingProjectsManagement.Features.Paints", "PaintingProjectsManagement.Features.Paints\PaintingProjectsManagement.Features.Paints.csproj", "{83706609-FB7F-4379-8792-271832E89560}"
EndProject
Project("{FAE04EC0-301F-11D3-BF4B-00C04F79EFBC}") = "PaintingProjectsManagement.FeatureDependencies", "PaintingProjectsManagement.FeatureDependencies\PaintingProjectsManagement.FeatureDependencies.csproj", "{40F424B0-3C3D-42A7-85D8-CC81D940BF20}"
EndProject
Project("{FAE04EC0-301F-11D3-BF4B-00C04F79EFBC}") = "PaintingProjectsManagement.Features.Paints.Tests", "PaintingProjectsManagement.Features.Paints.Tests\PaintingProjectsManagement.Features.Paints.Tests.csproj", "{E817D835-AA99-4909-BE5F-7C4193055C71}"
EndProject
Project("{FAE04EC0-301F-11D3-BF4B-00C04F79EFBC}") = "PaintingProjectsManagement.Features.Models", "PaintingProjectsManagement.Features.Models\PaintingProjectsManagement.Features.Models.csproj", "{64BA5928-FD21-4E72-A0CB-5A6E41B484C5}"
EndProject
Project("{FAE04EC0-301F-11D3-BF4B-00C04F79EFBC}") = "PaintingProjectsManagement.Features.Models.Tests", "PaintingProjectsManagement.Features.Models.Tests\PaintingProjectsManagement.Features.Models.Tests.csproj", "{4612225D-7B44-4FF3-8B1D-A4553648BE40}"
EndProject
Project("{FAE04EC0-301F-11D3-BF4B-00C04F79EFBC}") = "PaintingProjectsManagement.Features.Projects", "PaintingProjectsManagement.Features.Projects\PaintingProjectsManagement.Features.Projects.csproj", "{AF8BA3EC-24D5-4700-ABE5-18F42B4E2F4B}"
EndProject
Project("{FAE04EC0-301F-11D3-BF4B-00C04F79EFBC}") = "PaintingProjectsManagement.Features.Projects.Tests", "PaintingProjectsManagement.Features.Projects.Tests\PaintingProjectsManagement.Features.Projects.Tests.csproj", "{EAA37BE3-0203-41E9-9FD6-E23F64BCDBFA}"
EndProject
Project("{FAE04EC0-301F-11D3-BF4B-00C04F79EFBC}") = "PaintingProjectsManagment.Database", "PaintingProjectsManagment.Database\PaintingProjectsManagment.Database.csproj", "{EC8DE240-8A6E-4936-AD61-7B7160640261}"
EndProject
Project("{2150E333-8FDC-42A3-9474-1A3956D46DE8}") = "Solution Items", "Solution Items", "{8EC462FD-D22E-90A8-E5CE-7E832BA40C5D}"
	ProjectSection(SolutionItems) = preProject
		Add-Migration.txt = Add-Migration.txt
		..\README.md = ..\README.md
		rbkApiModules\docs\README.md = rbkApiModules\docs\README.md
		requirements.txt = requirements.txt
	EndProjectSection
EndProject
Project("{FAE04EC0-301F-11D3-BF4B-00C04F79EFBC}") = "PaintingProjectsManagement.Features.Materials.Abstractions", "PaintingProjectsManagement.Features.Materials.Abstractions\PaintingProjectsManagement.Features.Materials.Abstractions.csproj", "{14DC397B-CCB8-452B-A435-EA7F32A62AE8}"
EndProject
Project("{FAE04EC0-301F-11D3-BF4B-00C04F79EFBC}") = "rbkApiModules.Testing.Core", "rbkApiModules\rbkApiModules.Commons.Testing\rbkApiModules.Testing.Core.csproj", "{DEB36CAD-5F5E-49BE-9823-32B5A1751631}"
EndProject
Project("{FAE04EC0-301F-11D3-BF4B-00C04F79EFBC}") = "rbkApiModules.Identity.Core", "rbkApiModules\rbkApiModules.Identity.Core\rbkApiModules.Identity.Core.csproj", "{23411605-BD48-420C-9FEE-BA21FE6E3AF7}"
EndProject
Project("{2150E333-8FDC-42A3-9474-1A3956D46DE8}") = "Demos", "Demos", "{D6A2B43E-D8DC-4DD2-B7FE-89042D75BC3A}"
EndProject
Project("{FAE04EC0-301F-11D3-BF4B-00C04F79EFBC}") = "Demo1", "rbkApiModules\Demo1\Demo1.csproj", "{71A8AFB5-A5AF-4AB0-A1F0-36E7C71AF2E0}"
EndProject
Project("{FAE04EC0-301F-11D3-BF4B-00C04F79EFBC}") = "Demo1.Tests", "rbkApiModules\Demo1.Tests\Demo1.Tests.csproj", "{5B1A8CE3-1C65-437A-B733-85AACC62A339}"
EndProject
Project("{FAE04EC0-301F-11D3-BF4B-00C04F79EFBC}") = "rbkApiModules.Testing.Core.Tests", "rbkApiModules\rbkApiModules.Testing.Core.Tests\rbkApiModules.Testing.Core.Tests.csproj", "{BF0FE27D-C6C2-4FAC-A5D5-87A44F4F87FB}"
EndProject
Project("{FAE04EC0-301F-11D3-BF4B-00C04F79EFBC}") = "rbkApiModules.Analysers", "rbkApiModules\rbkApiModules.Analysers\rbkApiModules.Analysers\rbkApiModules.Analysers.csproj", "{E0503E2D-F106-4A64-9746-85CA99C9FAC6}"
EndProject
Project("{FAE04EC0-301F-11D3-BF4B-00C04F79EFBC}") = "rbkApiModules.Analysers.CodeFixes", "rbkApiModules\rbkApiModules.Analysers\rbkApiModules.Analysers.CodeFixes\rbkApiModules.Analysers.CodeFixes.csproj", "{052AA607-C25C-4B41-A77A-885568177560}"
EndProject
Project("{FAE04EC0-301F-11D3-BF4B-00C04F79EFBC}") = "rbkApiModules.Analysers.Package", "rbkApiModules\rbkApiModules.Analysers\rbkApiModules.Analysers.Package\rbkApiModules.Analysers.Package.csproj", "{842321C3-904F-4F33-B414-CCDE774191D7}"
EndProject
Project("{2150E333-8FDC-42A3-9474-1A3956D46DE8}") = "rbkApiModules", "rbkApiModules", "{C48B301F-6F0F-40BE-9582-E1011174BFD1}"
	ProjectSection(SolutionItems) = preProject
		validator_ideas.txt = validator_ideas.txt
	EndProjectSection
EndProject
Project("{2150E333-8FDC-42A3-9474-1A3956D46DE8}") = "Analysers", "Analysers", "{51663473-B42F-4E78-91A1-AEF2FBB1E621}"
EndProject
Project("{FAE04EC0-301F-11D3-BF4B-00C04F79EFBC}") = "PaintingProjectsManagement.Features.Authorization", "PaintingProjectsManagement.Features.Authorization\PaintingProjectsManagement.Features.Authorization.csproj", "{91A6FD4C-F4FD-4328-8BA4-78FD2B2F245E}"
EndProject
Project("{2150E333-8FDC-42A3-9474-1A3956D46DE8}") = "UI", "UI", "{6373AE65-E43B-4944-9C8E-863515734D0C}"
EndProject
Project("{FAE04EC0-301F-11D3-BF4B-00C04F79EFBC}") = "PaintingProjectsManagement.Blazor", "..\blazor\PaintingProjectsManagement.Blazor\PaintingProjectsManagement.Blazor\PaintingProjectsManagement.Blazor.csproj", "{776B33BE-EE51-0201-FA32-45A0B5F5B13F}"
EndProject
Project("{FAE04EC0-301F-11D3-BF4B-00C04F79EFBC}") = "PaintingProjectsManagement.Features.Core", "PaintingProjectsManagement.Features.Core\PaintingProjectsManagement.Features.Core.csproj", "{49EFBF12-CC8F-493D-9F26-73806AADCD0D}"
EndProject
Project("{FAE04EC0-301F-11D3-BF4B-00C04F79EFBC}") = "PaintingProjectsManagement.UI", "..\blazor\PaintingProjectsManagement.UI\PaintingProjectsManagement.UI\PaintingProjectsManagement.UI.csproj", "{82D445C4-8530-2F07-F8AB-2D04C4D86344}"
EndProject
Project("{FAE04EC0-301F-11D3-BF4B-00C04F79EFBC}") = "PaintingProjectsManagement.Features.Projects.Abstractions", "PaintingProjectsManagement.Features.Projects.Abstractions\PaintingProjectsManagement.Features.Projects.Abstractions.csproj", "{21010993-786F-DB15-7AEA-1A1F2858729F}"
EndProject
Global
	GlobalSection(SolutionConfigurationPlatforms) = preSolution
		Debug|Any CPU = Debug|Any CPU
		Release|Any CPU = Release|Any CPU
	EndGlobalSection
	GlobalSection(ProjectConfigurationPlatforms) = postSolution
		{9CBFB336-FFF3-B7F5-4AAB-EA81F533505A}.Debug|Any CPU.ActiveCfg = Debug|Any CPU
		{9CBFB336-FFF3-B7F5-4AAB-EA81F533505A}.Debug|Any CPU.Build.0 = Debug|Any CPU
		{9CBFB336-FFF3-B7F5-4AAB-EA81F533505A}.Release|Any CPU.ActiveCfg = Release|Any CPU
		{9CBFB336-FFF3-B7F5-4AAB-EA81F533505A}.Release|Any CPU.Build.0 = Release|Any CPU
		{8729A108-EC6E-4AC8-B8B1-AF77BC70D87D}.Debug|Any CPU.ActiveCfg = Debug|Any CPU
		{8729A108-EC6E-4AC8-B8B1-AF77BC70D87D}.Debug|Any CPU.Build.0 = Debug|Any CPU
		{8729A108-EC6E-4AC8-B8B1-AF77BC70D87D}.Release|Any CPU.ActiveCfg = Release|Any CPU
		{8729A108-EC6E-4AC8-B8B1-AF77BC70D87D}.Release|Any CPU.Build.0 = Release|Any CPU
		{38FFA2A0-C1AD-370F-B1E6-5AB5A54F0A40}.Debug|Any CPU.ActiveCfg = Debug|Any CPU
		{38FFA2A0-C1AD-370F-B1E6-5AB5A54F0A40}.Debug|Any CPU.Build.0 = Debug|Any CPU
		{38FFA2A0-C1AD-370F-B1E6-5AB5A54F0A40}.Release|Any CPU.ActiveCfg = Release|Any CPU
		{38FFA2A0-C1AD-370F-B1E6-5AB5A54F0A40}.Release|Any CPU.Build.0 = Release|Any CPU
		{676179CB-A219-43FA-8197-68ADFF33B13F}.Debug|Any CPU.ActiveCfg = Debug|Any CPU
		{676179CB-A219-43FA-8197-68ADFF33B13F}.Debug|Any CPU.Build.0 = Debug|Any CPU
		{676179CB-A219-43FA-8197-68ADFF33B13F}.Release|Any CPU.ActiveCfg = Release|Any CPU
		{676179CB-A219-43FA-8197-68ADFF33B13F}.Release|Any CPU.Build.0 = Release|Any CPU
		{9ABF31BF-F2E7-4154-B582-C06D187E6580}.Debug|Any CPU.ActiveCfg = Debug|Any CPU
		{9ABF31BF-F2E7-4154-B582-C06D187E6580}.Debug|Any CPU.Build.0 = Debug|Any CPU
		{9ABF31BF-F2E7-4154-B582-C06D187E6580}.Release|Any CPU.ActiveCfg = Release|Any CPU
		{9ABF31BF-F2E7-4154-B582-C06D187E6580}.Release|Any CPU.Build.0 = Release|Any CPU
		{2A9FEABB-592F-4BB0-A13E-B716205D3A4F}.Debug|Any CPU.ActiveCfg = Debug|Any CPU
		{2A9FEABB-592F-4BB0-A13E-B716205D3A4F}.Debug|Any CPU.Build.0 = Debug|Any CPU
		{2A9FEABB-592F-4BB0-A13E-B716205D3A4F}.Release|Any CPU.ActiveCfg = Release|Any CPU
		{2A9FEABB-592F-4BB0-A13E-B716205D3A4F}.Release|Any CPU.Build.0 = Release|Any CPU
		{83706609-FB7F-4379-8792-271832E89560}.Debug|Any CPU.ActiveCfg = Debug|Any CPU
		{83706609-FB7F-4379-8792-271832E89560}.Debug|Any CPU.Build.0 = Debug|Any CPU
		{83706609-FB7F-4379-8792-271832E89560}.Release|Any CPU.ActiveCfg = Release|Any CPU
		{83706609-FB7F-4379-8792-271832E89560}.Release|Any CPU.Build.0 = Release|Any CPU
		{40F424B0-3C3D-42A7-85D8-CC81D940BF20}.Debug|Any CPU.ActiveCfg = Debug|Any CPU
		{40F424B0-3C3D-42A7-85D8-CC81D940BF20}.Debug|Any CPU.Build.0 = Debug|Any CPU
		{40F424B0-3C3D-42A7-85D8-CC81D940BF20}.Release|Any CPU.ActiveCfg = Release|Any CPU
		{40F424B0-3C3D-42A7-85D8-CC81D940BF20}.Release|Any CPU.Build.0 = Release|Any CPU
		{E817D835-AA99-4909-BE5F-7C4193055C71}.Debug|Any CPU.ActiveCfg = Debug|Any CPU
		{E817D835-AA99-4909-BE5F-7C4193055C71}.Debug|Any CPU.Build.0 = Debug|Any CPU
		{E817D835-AA99-4909-BE5F-7C4193055C71}.Release|Any CPU.ActiveCfg = Release|Any CPU
		{E817D835-AA99-4909-BE5F-7C4193055C71}.Release|Any CPU.Build.0 = Release|Any CPU
		{64BA5928-FD21-4E72-A0CB-5A6E41B484C5}.Debug|Any CPU.ActiveCfg = Debug|Any CPU
		{64BA5928-FD21-4E72-A0CB-5A6E41B484C5}.Debug|Any CPU.Build.0 = Debug|Any CPU
		{64BA5928-FD21-4E72-A0CB-5A6E41B484C5}.Release|Any CPU.ActiveCfg = Release|Any CPU
		{64BA5928-FD21-4E72-A0CB-5A6E41B484C5}.Release|Any CPU.Build.0 = Release|Any CPU
		{4612225D-7B44-4FF3-8B1D-A4553648BE40}.Debug|Any CPU.ActiveCfg = Debug|Any CPU
		{4612225D-7B44-4FF3-8B1D-A4553648BE40}.Debug|Any CPU.Build.0 = Debug|Any CPU
		{4612225D-7B44-4FF3-8B1D-A4553648BE40}.Release|Any CPU.ActiveCfg = Release|Any CPU
		{4612225D-7B44-4FF3-8B1D-A4553648BE40}.Release|Any CPU.Build.0 = Release|Any CPU
		{AF8BA3EC-24D5-4700-ABE5-18F42B4E2F4B}.Debug|Any CPU.ActiveCfg = Debug|Any CPU
		{AF8BA3EC-24D5-4700-ABE5-18F42B4E2F4B}.Debug|Any CPU.Build.0 = Debug|Any CPU
		{AF8BA3EC-24D5-4700-ABE5-18F42B4E2F4B}.Release|Any CPU.ActiveCfg = Release|Any CPU
		{AF8BA3EC-24D5-4700-ABE5-18F42B4E2F4B}.Release|Any CPU.Build.0 = Release|Any CPU
		{EAA37BE3-0203-41E9-9FD6-E23F64BCDBFA}.Debug|Any CPU.ActiveCfg = Debug|Any CPU
		{EAA37BE3-0203-41E9-9FD6-E23F64BCDBFA}.Debug|Any CPU.Build.0 = Debug|Any CPU
		{EAA37BE3-0203-41E9-9FD6-E23F64BCDBFA}.Release|Any CPU.ActiveCfg = Release|Any CPU
		{EAA37BE3-0203-41E9-9FD6-E23F64BCDBFA}.Release|Any CPU.Build.0 = Release|Any CPU
		{EC8DE240-8A6E-4936-AD61-7B7160640261}.Debug|Any CPU.ActiveCfg = Debug|Any CPU
		{EC8DE240-8A6E-4936-AD61-7B7160640261}.Debug|Any CPU.Build.0 = Debug|Any CPU
		{EC8DE240-8A6E-4936-AD61-7B7160640261}.Release|Any CPU.ActiveCfg = Release|Any CPU
		{EC8DE240-8A6E-4936-AD61-7B7160640261}.Release|Any CPU.Build.0 = Release|Any CPU
		{14DC397B-CCB8-452B-A435-EA7F32A62AE8}.Debug|Any CPU.ActiveCfg = Debug|Any CPU
		{14DC397B-CCB8-452B-A435-EA7F32A62AE8}.Debug|Any CPU.Build.0 = Debug|Any CPU
		{14DC397B-CCB8-452B-A435-EA7F32A62AE8}.Release|Any CPU.ActiveCfg = Release|Any CPU
		{14DC397B-CCB8-452B-A435-EA7F32A62AE8}.Release|Any CPU.Build.0 = Release|Any CPU
		{DEB36CAD-5F5E-49BE-9823-32B5A1751631}.Debug|Any CPU.ActiveCfg = Debug|Any CPU
		{DEB36CAD-5F5E-49BE-9823-32B5A1751631}.Debug|Any CPU.Build.0 = Debug|Any CPU
		{DEB36CAD-5F5E-49BE-9823-32B5A1751631}.Release|Any CPU.ActiveCfg = Release|Any CPU
		{DEB36CAD-5F5E-49BE-9823-32B5A1751631}.Release|Any CPU.Build.0 = Release|Any CPU
		{23411605-BD48-420C-9FEE-BA21FE6E3AF7}.Debug|Any CPU.ActiveCfg = Debug|Any CPU
		{23411605-BD48-420C-9FEE-BA21FE6E3AF7}.Debug|Any CPU.Build.0 = Debug|Any CPU
		{23411605-BD48-420C-9FEE-BA21FE6E3AF7}.Release|Any CPU.ActiveCfg = Release|Any CPU
		{23411605-BD48-420C-9FEE-BA21FE6E3AF7}.Release|Any CPU.Build.0 = Release|Any CPU
		{71A8AFB5-A5AF-4AB0-A1F0-36E7C71AF2E0}.Debug|Any CPU.ActiveCfg = Debug|Any CPU
		{71A8AFB5-A5AF-4AB0-A1F0-36E7C71AF2E0}.Debug|Any CPU.Build.0 = Debug|Any CPU
		{71A8AFB5-A5AF-4AB0-A1F0-36E7C71AF2E0}.Release|Any CPU.ActiveCfg = Release|Any CPU
		{71A8AFB5-A5AF-4AB0-A1F0-36E7C71AF2E0}.Release|Any CPU.Build.0 = Release|Any CPU
		{5B1A8CE3-1C65-437A-B733-85AACC62A339}.Debug|Any CPU.ActiveCfg = Debug|Any CPU
		{5B1A8CE3-1C65-437A-B733-85AACC62A339}.Debug|Any CPU.Build.0 = Debug|Any CPU
		{5B1A8CE3-1C65-437A-B733-85AACC62A339}.Release|Any CPU.ActiveCfg = Release|Any CPU
		{5B1A8CE3-1C65-437A-B733-85AACC62A339}.Release|Any CPU.Build.0 = Release|Any CPU
		{BF0FE27D-C6C2-4FAC-A5D5-87A44F4F87FB}.Debug|Any CPU.ActiveCfg = Debug|Any CPU
		{BF0FE27D-C6C2-4FAC-A5D5-87A44F4F87FB}.Debug|Any CPU.Build.0 = Debug|Any CPU
		{BF0FE27D-C6C2-4FAC-A5D5-87A44F4F87FB}.Release|Any CPU.ActiveCfg = Release|Any CPU
		{BF0FE27D-C6C2-4FAC-A5D5-87A44F4F87FB}.Release|Any CPU.Build.0 = Release|Any CPU
		{E0503E2D-F106-4A64-9746-85CA99C9FAC6}.Debug|Any CPU.ActiveCfg = Debug|Any CPU
		{E0503E2D-F106-4A64-9746-85CA99C9FAC6}.Debug|Any CPU.Build.0 = Debug|Any CPU
		{E0503E2D-F106-4A64-9746-85CA99C9FAC6}.Release|Any CPU.ActiveCfg = Release|Any CPU
		{E0503E2D-F106-4A64-9746-85CA99C9FAC6}.Release|Any CPU.Build.0 = Release|Any CPU
		{052AA607-C25C-4B41-A77A-885568177560}.Debug|Any CPU.ActiveCfg = Debug|Any CPU
		{052AA607-C25C-4B41-A77A-885568177560}.Debug|Any CPU.Build.0 = Debug|Any CPU
		{052AA607-C25C-4B41-A77A-885568177560}.Release|Any CPU.ActiveCfg = Release|Any CPU
		{052AA607-C25C-4B41-A77A-885568177560}.Release|Any CPU.Build.0 = Release|Any CPU
		{842321C3-904F-4F33-B414-CCDE774191D7}.Debug|Any CPU.ActiveCfg = Debug|Any CPU
		{842321C3-904F-4F33-B414-CCDE774191D7}.Debug|Any CPU.Build.0 = Debug|Any CPU
		{842321C3-904F-4F33-B414-CCDE774191D7}.Release|Any CPU.ActiveCfg = Release|Any CPU
		{842321C3-904F-4F33-B414-CCDE774191D7}.Release|Any CPU.Build.0 = Release|Any CPU
		{91A6FD4C-F4FD-4328-8BA4-78FD2B2F245E}.Debug|Any CPU.ActiveCfg = Debug|Any CPU
		{91A6FD4C-F4FD-4328-8BA4-78FD2B2F245E}.Debug|Any CPU.Build.0 = Debug|Any CPU
		{91A6FD4C-F4FD-4328-8BA4-78FD2B2F245E}.Release|Any CPU.ActiveCfg = Release|Any CPU
		{91A6FD4C-F4FD-4328-8BA4-78FD2B2F245E}.Release|Any CPU.Build.0 = Release|Any CPU
		{776B33BE-EE51-0201-FA32-45A0B5F5B13F}.Debug|Any CPU.ActiveCfg = Debug|Any CPU
		{776B33BE-EE51-0201-FA32-45A0B5F5B13F}.Debug|Any CPU.Build.0 = Debug|Any CPU
		{776B33BE-EE51-0201-FA32-45A0B5F5B13F}.Release|Any CPU.ActiveCfg = Release|Any CPU
		{776B33BE-EE51-0201-FA32-45A0B5F5B13F}.Release|Any CPU.Build.0 = Release|Any CPU
		{49EFBF12-CC8F-493D-9F26-73806AADCD0D}.Debug|Any CPU.ActiveCfg = Debug|Any CPU
		{49EFBF12-CC8F-493D-9F26-73806AADCD0D}.Debug|Any CPU.Build.0 = Debug|Any CPU
		{49EFBF12-CC8F-493D-9F26-73806AADCD0D}.Release|Any CPU.ActiveCfg = Release|Any CPU
		{49EFBF12-CC8F-493D-9F26-73806AADCD0D}.Release|Any CPU.Build.0 = Release|Any CPU
		{82D445C4-8530-2F07-F8AB-2D04C4D86344}.Debug|Any CPU.ActiveCfg = Debug|Any CPU
		{82D445C4-8530-2F07-F8AB-2D04C4D86344}.Debug|Any CPU.Build.0 = Debug|Any CPU
		{82D445C4-8530-2F07-F8AB-2D04C4D86344}.Release|Any CPU.ActiveCfg = Release|Any CPU
		{82D445C4-8530-2F07-F8AB-2D04C4D86344}.Release|Any CPU.Build.0 = Release|Any CPU
		{21010993-786F-DB15-7AEA-1A1F2858729F}.Debug|Any CPU.ActiveCfg = Debug|Any CPU
		{21010993-786F-DB15-7AEA-1A1F2858729F}.Debug|Any CPU.Build.0 = Debug|Any CPU
		{21010993-786F-DB15-7AEA-1A1F2858729F}.Release|Any CPU.ActiveCfg = Release|Any CPU
		{21010993-786F-DB15-7AEA-1A1F2858729F}.Release|Any CPU.Build.0 = Release|Any CPU
	EndGlobalSection
	GlobalSection(SolutionProperties) = preSolution
		HideSolutionNode = FALSE
	EndGlobalSection
	GlobalSection(NestedProjects) = preSolution
		{8729A108-EC6E-4AC8-B8B1-AF77BC70D87D} = {02EA681E-C7D8-13C7-8484-4AC65E1B71E8}
		{38FFA2A0-C1AD-370F-B1E6-5AB5A54F0A40} = {02EA681E-C7D8-13C7-8484-4AC65E1B71E8}
		{62FCA1BB-F9B6-482D-9FD5-2F2FC920D966} = {97F69B6E-8643-41C7-9816-49A885DCD4A2}
		{945C31FD-D6F8-4151-B6AF-CC2CE597DF36} = {97F69B6E-8643-41C7-9816-49A885DCD4A2}
		{40F9882D-8D52-4023-A4DB-ECB1815AACB1} = {62FCA1BB-F9B6-482D-9FD5-2F2FC920D966}
		{B551456D-BBBE-4174-AE03-36B8B3C9503D} = {62FCA1BB-F9B6-482D-9FD5-2F2FC920D966}
		{BE9FF04B-C8FA-48FA-9C1A-4508D8CACCF0} = {62FCA1BB-F9B6-482D-9FD5-2F2FC920D966}
		{6398C842-1E51-4272-9993-0055BB2E71E3} = {62FCA1BB-F9B6-482D-9FD5-2F2FC920D966}
		{676179CB-A219-43FA-8197-68ADFF33B13F} = {C48B301F-6F0F-40BE-9582-E1011174BFD1}
		{9ABF31BF-F2E7-4154-B582-C06D187E6580} = {40F9882D-8D52-4023-A4DB-ECB1815AACB1}
		{2A9FEABB-592F-4BB0-A13E-B716205D3A4F} = {40F9882D-8D52-4023-A4DB-ECB1815AACB1}
		{83706609-FB7F-4379-8792-271832E89560} = {B551456D-BBBE-4174-AE03-36B8B3C9503D}
		{40F424B0-3C3D-42A7-85D8-CC81D940BF20} = {945C31FD-D6F8-4151-B6AF-CC2CE597DF36}
		{E817D835-AA99-4909-BE5F-7C4193055C71} = {B551456D-BBBE-4174-AE03-36B8B3C9503D}
		{64BA5928-FD21-4E72-A0CB-5A6E41B484C5} = {BE9FF04B-C8FA-48FA-9C1A-4508D8CACCF0}
		{4612225D-7B44-4FF3-8B1D-A4553648BE40} = {BE9FF04B-C8FA-48FA-9C1A-4508D8CACCF0}
		{AF8BA3EC-24D5-4700-ABE5-18F42B4E2F4B} = {6398C842-1E51-4272-9993-0055BB2E71E3}
		{EAA37BE3-0203-41E9-9FD6-E23F64BCDBFA} = {6398C842-1E51-4272-9993-0055BB2E71E3}
		{EC8DE240-8A6E-4936-AD61-7B7160640261} = {4D59F3BB-DD6A-4E66-9D72-C4B1E589F501}
		{14DC397B-CCB8-452B-A435-EA7F32A62AE8} = {40F9882D-8D52-4023-A4DB-ECB1815AACB1}
		{DEB36CAD-5F5E-49BE-9823-32B5A1751631} = {C48B301F-6F0F-40BE-9582-E1011174BFD1}
		{23411605-BD48-420C-9FEE-BA21FE6E3AF7} = {C48B301F-6F0F-40BE-9582-E1011174BFD1}
		{D6A2B43E-D8DC-4DD2-B7FE-89042D75BC3A} = {C48B301F-6F0F-40BE-9582-E1011174BFD1}
		{71A8AFB5-A5AF-4AB0-A1F0-36E7C71AF2E0} = {D6A2B43E-D8DC-4DD2-B7FE-89042D75BC3A}
		{5B1A8CE3-1C65-437A-B733-85AACC62A339} = {D6A2B43E-D8DC-4DD2-B7FE-89042D75BC3A}
		{BF0FE27D-C6C2-4FAC-A5D5-87A44F4F87FB} = {C48B301F-6F0F-40BE-9582-E1011174BFD1}
		{E0503E2D-F106-4A64-9746-85CA99C9FAC6} = {51663473-B42F-4E78-91A1-AEF2FBB1E621}
		{052AA607-C25C-4B41-A77A-885568177560} = {51663473-B42F-4E78-91A1-AEF2FBB1E621}
		{842321C3-904F-4F33-B414-CCDE774191D7} = {51663473-B42F-4E78-91A1-AEF2FBB1E621}
		{C48B301F-6F0F-40BE-9582-E1011174BFD1} = {ADB915B9-7C76-4A12-BC62-0C603457F96B}
		{51663473-B42F-4E78-91A1-AEF2FBB1E621} = {C48B301F-6F0F-40BE-9582-E1011174BFD1}
		{91A6FD4C-F4FD-4328-8BA4-78FD2B2F245E} = {945C31FD-D6F8-4151-B6AF-CC2CE597DF36}
		{776B33BE-EE51-0201-FA32-45A0B5F5B13F} = {6373AE65-E43B-4944-9C8E-863515734D0C}
		{49EFBF12-CC8F-493D-9F26-73806AADCD0D} = {945C31FD-D6F8-4151-B6AF-CC2CE597DF36}
		{82D445C4-8530-2F07-F8AB-2D04C4D86344} = {6373AE65-E43B-4944-9C8E-863515734D0C}
		{21010993-786F-DB15-7AEA-1A1F2858729F} = {6398C842-1E51-4272-9993-0055BB2E71E3}
	EndGlobalSection
	GlobalSection(ExtensibilityGlobals) = postSolution
		SolutionGuid = {4D9D84DD-C876-47C0-8479-5AA1E9881CFA}
	EndGlobalSection
EndGlobal
