<Solution>
  <Configurations>
    <Platform Name="Any CPU" />
    <Platform Name="x64" />
    <Platform Name="x86" />
  </Configurations>
  <Folder Name="/Application/">
    <Project Path="Application/PaintingProjectsManagement.Api/PaintingProjectsManagement.Api.csproj" />
    <Project Path="Application/PaintingProjectsManagement.UI/PaintingProjectsManagement.UI.csproj" />
  </Folder>
  <Folder Name="/Aspire/">
    <Project Path="Aspire/PaintingProjectsManagement.AppHost/PaintingProjectsManagement.AppHost.csproj" />
    <Project Path="Aspire/PaintingProjectsManagement.ServiceDefaults/PaintingProjectsManagement.ServiceDefaults.csproj" />
  </Folder>
  <Folder Name="/Database/">
    <Project Path="Database/PaintingProjectsManagment.Database/PaintingProjectsManagment.Database.csproj" />
  </Folder>
  <Folder Name="/Features/" />
  <Folder Name="/Features/Modules/" />
  <Folder Name="/Features/Modules/Inventory/" />
  <Folder Name="/Features/Modules/Inventory/Core/">
    <Project Path="Features/Modules/Inventory/Core/PaintingProjectsManagement.Features.Core.Tests/PaintingProjectsManagement.Features.Inventory.Core.Tests.csproj" />
    <Project Path="Features/Modules/Inventory/Core/PaintingProjectsManagement.Features.Inventory.Core.Contracts/PaintingProjectsManagement.Features.Inventory.Core.Contracts.csproj" />
    <Project Path="Features/Modules/Inventory/Core/PaintingProjectsManagement.Features.Inventory/PaintingProjectsManagement.Features.Inventory.Core.csproj" />
  </Folder>
  <Folder Name="/Features/Modules/Inventory/Integrations/">
    <Project Path="Features/Modules/Inventory/Integrations/PaintingProjectsManagement.Features.Inventory.Integration/PaintingProjectsManagement.Features.Inventory.Integrations.csproj" />
    <Project Path="Features/Modules/Inventory/Integrations/PaintingProjectsManagement.Features.Inventory.Integrations.Contracts/PaintingProjectsManagement.Features.Inventory.Integrations.Contracts.csproj" />
    <Project Path="Features/Modules/Inventory/Integrations/PaintingProjectsManagement.Features.Inventory.Integrations.Tests/PaintingProjectsManagement.Features.Inventory.Integrations.Tests.csproj" />
  </Folder>
  <Folder Name="/Features/Modules/Inventory/UI/">
    <Project Path="Features/Modules/Inventory/UI/PaintingProjectsManagement.Features.Inventory.UI.Tests/PaintingProjectsManagement.Features.Inventory.UI.Tests.csproj" />
    <Project Path="Features/Modules/Inventory/UI/PaintingProjectsManagement.Features.Inventory.UI/PaintingProjectsManagement.Features.Inventory.UI.csproj" />
  </Folder>
  <Folder Name="/Features/Modules/Inventory/Web/">
    <Project Path="Features/Modules/Inventory/Web/PaintingProjectsManagement.Features.Inventory.Web.Contracts/PaintingProjectsManagement.Features.Inventory.Web.Contracts.csproj" />
    <Project Path="Features/Modules/Inventory/Web/PaintingProjectsManagement.Features.Inventory.Web.Tests/PaintingProjectsManagement.Features.Inventory.Web.Tests.csproj" />
    <Project Path="Features/Modules/Inventory/Web/PaintingProjectsManagement.Features.Inventory.Web/PaintingProjectsManagement.Features.Inventory.Web.csproj" />
  </Folder>
  <Folder Name="/Features/Modules/Materials/" />
  <Folder Name="/Features/Modules/Materials/Core/">
    <Project Path="Features/Modules/Materials/Core/PaintingProjectsManagement.Features.Materials.Core.Tests/PaintingProjectsManagement.Features.Materials.Core.Tests.csproj" />
    <Project Path="Features/Modules/Materials/Core/PaintingProjectsManagement.Features.Materials.Core.Contracts/PaintingProjectsManagement.Features.Materials.Core.Contracts.csproj" />
    <Project Path="Features/Modules/Materials/Core/PaintingProjectsManagement.Features.Materials.Core/PaintingProjectsManagement.Features.Materials.Core.csproj" />
  </Folder>
  <Folder Name="/Features/Modules/Materials/Integrations/">
    <Project Path="Features/Modules/Materials/Integrations/PaintingProjectsManagement.Features.Materials.Integration/PaintingProjectsManagement.Features.Materials.Integrations.csproj" />
    <Project Path="Features/Modules/Materials/Integrations/PaintingProjectsManagement.Features.Materials.Integrations.Contracts/PaintingProjectsManagement.Features.Materials.Integrations.Contracts.csproj" />
  </Folder>
  <Folder Name="/Features/Modules/Materials/Web/">
    <Project Path="Features/Modules/Materials/Web/PaintingProjectsManagement.Features.Materials.Web.Contracts/PaintingProjectsManagement.Features.Materials.Web.Contracts.csproj" />
    <Project Path="Features/Modules/Materials/Web/PaintingProjectsManagement.Features.Materials.Web.Tests/PaintingProjectsManagement.Features.Materials.Web.Tests.csproj" />
    <Project Path="Features/Modules/Materials/Web/PaintingProjectsManagement.Features.Materials.Web/PaintingProjectsManagement.Features.Materials.Web.csproj" />
  </Folder>
  <Folder Name="/Features/Modules/Materials/UI/">
    <Project Path="Features/Modules/Materials/UI/PaintingProjectsManagement.Features.Materials.UI.Tests/PaintingProjectsManagement.Features.Materials.UI.Tests.csproj" />
    <Project Path="Features/Modules/Materials/UI/PaintingProjectsManagement.Features.Materials.UI/PaintingProjectsManagement.Features.Materials.UI.csproj" />
  </Folder>
  <Folder Name="/Features/Modules/Models/" />
  <Folder Name="/Features/Modules/Models/Core/">
    <Project Path="Features/Modules/Models/Core/PaintingProjectsManagement.Features.Models.Core/PaintingProjectsManagement.Features.Models.Core.csproj" />
    <Project Path="Features/Modules/Models/Core/PaintingProjectsManagement.Features.Models.Core.Contracts/PaintingProjectsManagement.Features.Models.Core.Contracts.csproj" />
  </Folder>
  <Folder Name="/Features/Modules/Models/Web/">
    <Project Path="Features/Modules/Models/Web/PaintingProjectsManagement.Features.Models.Web/PaintingProjectsManagement.Features.Models.Web.csproj" />
    <Project Path="Features/Modules/Models/Web/PaintingProjectsManagement.Features.Models.Web.Contracts/PaintingProjectsManagement.Features.Models.Web.Contracts.csproj" />
    <Project Path="Features/Modules/Models/Web/PaintingProjectsManagement.Features.Models.Web.Tests/PaintingProjectsManagement.Features.Models.Web.Tests.csproj" />
  </Folder>
  <Folder Name="/Features/Modules/Models/Integrations/">
    <Project Path="Features/Modules/Models/Integrations/PaintingProjectsManagement.Features.Models.Integrations.Contracts/PaintingProjectsManagement.Features.Models.Integrations.Contracts.csproj" />
  </Folder>
  <Folder Name="/Features/Modules/Models/UI/">
    <Project Path="Features/Modules/Models/UI/PaintingProjectsManagement.Features.Models.UI/PaintingProjectsManagement.Features.Models.UI.csproj" />
  </Folder>
  <Folder Name="/Features/Modules/Projects/" />
  <Folder Name="/Features/Modules/Projects/Core/">
    <Project Path="Features/Modules/Projects/Core/PaintingProjectsManagement.Features.Projects.Core/PaintingProjectsManagement.Features.Projects.Core.csproj" />
    <Project Path="Features/Modules/Projects/Core/PaintingProjectsManagement.Features.Projects.Core.Contracts/PaintingProjectsManagement.Features.Projects.Core.Contracts.csproj" />
  </Folder>
  <Folder Name="/Features/Modules/Projects/Web/">
    <Project Path="Features/Modules/Projects/Web/PaintingProjectsManagement.Features.Projects.Web/PaintingProjectsManagement.Features.Projects.Web.csproj" />
    <Project Path="Features/Modules/Projects/Web/PaintingProjectsManagement.Features.Projects.Web.Contracts/PaintingProjectsManagement.Features.Projects.Web.Contracts.csproj" />
    <Project Path="Features/Modules/Projects/Web/PaintingProjectsManagement.Features.Projects.Web.Tests/PaintingProjectsManagement.Features.Projects.Web.Tests.csproj" />
  </Folder>
  <Folder Name="/Features/Modules/Projects/Integrations/">
    <Project Path="Features/Modules/Projects/Integrations/PaintingProjectsManagement.Features.Projects.Integrations/PaintingProjectsManagement.Features.Projects.Integrations.csproj" />
    <Project Path="Features/Modules/Projects/Integrations/PaintingProjectsManagement.Features.Projects.Integrations.Contracts/PaintingProjectsManagement.Features.Projects.Integrations.Contracts.csproj" />
  </Folder>
  <Folder Name="/Features/Modules/Projects/UI/">
    <Project Path="Features/Modules/Projects/UI/PaintingProjectsManagement.Features.Projects.UI/PaintingProjectsManagement.Features.Projects.UI.csproj" />
  </Folder>
  <Folder Name="/Features/Shared/" />
  <Folder Name="/Features/Shared/Authentication/">
    <File Path="../README.md" />
    <File Path="Add-Migration.txt" />
    <File Path="Directory.Build.props" />
    <File Path="Directory.Packages.props" />
    <File Path="lessons_learned.txt" />
    <File Path="rbkApiModules/docs/README.md" />
    <File Path="requirements.txt" />
    <File Path="validator_ideas.txt" />
    <Project Path="Features/Shared/Authentication/PaintingProjectsManagement.Features.Authorization/PaintingProjectsManagement.Features.Authorization.csproj" />
    <Project Path="Features/Shared/Authentication/PaintingProjectsManagement.UI.Modules.Authentication/PaintingProjectsManagement.Features.Authorization.UI.csproj" />
  </Folder>
  <Folder Name="/Features/Shared/Common/">
    <Project Path="Features/Shared/Common/PaintingProjectsManagement.Features.Core/PaintingProjectsManagement.Features.Core.csproj" />
    <Project Path="Features/Shared/Common/PaintingProjectsManagement.UI.Modules.Shared/PaintingProjectsManagement.Features.Shared.UI.csproj" />
  </Folder>
  <Folder Name="/Features/Shared/Currency/">
    <Project Path="Features/Shared/Currency/PaintingProjectsManagement.Features.Currency/PaintingProjectsManagement.Features.Currency.csproj" />
  </Folder>
  <Folder Name="/Features/Shared/Testing/">
    <Project Path="Features/Shared/Testing/PaintingProjectsManagement.Testing.Core/PaintingProjectsManagement.Testing.Core.csproj" />
  </Folder>
  <Folder Name="/Infrastructure/">
    <Project Path="Infrastructure/PaintingProjectsManagement.Infrastructure.Common/PaintingProjectsManagement.Infrastructure.Common.csproj" />
  </Folder>
  <Folder Name="/Solution Items/">
    <File Path="Add-Migration.txt" />
    <File Path="Directory.Build.props" />
    <File Path="Directory.Packages.props" />
    <File Path="lessons_learned.txt" />
    <File Path="README.md" />
    <File Path="requirements.txt" />
    <File Path="validator_ideas.txt" />
  </Folder>
</Solution>
