Microsoft Visual Studio Solution File, Format Version 12.00
# Visual Studio Version 18
VisualStudioVersion = 18.0.11123.170
MinimumVisualStudioVersion = 10.0.40219.1
Project("{FAE04EC0-301F-11D3-BF4B-00C04F79EFBC}") = "PaintingProjectsManagement.Api", "PaintingProjectsManagement.Api\PaintingProjectsManagement.Api.csproj", "{9CBFB336-FFF3-B7F5-4AAB-EA81F533505A}"
EndProject
Project("{FAE04EC0-301F-11D3-BF4B-00C04F79EFBC}") = "PaintingProjectsManagement.AppHost", "PaintingProjectsManagement.AppHost\PaintingProjectsManagement.AppHost.csproj", "{8729A108-EC6E-4AC8-B8B1-AF77BC70D87D}"
EndProject
Project("{FAE04EC0-301F-11D3-BF4B-00C04F79EFBC}") = "PaintingProjectsManagement.ServiceDefaults", "PaintingProjectsManagement.ServiceDefaults\PaintingProjectsManagement.ServiceDefaults.csproj", "{38FFA2A0-C1AD-370F-B1E6-5AB5A54F0A40}"
EndProject
Project("{2150E333-8FDC-42A3-9474-1A3956D46DE8}") = "Aspire", "Aspire", "{02EA681E-C7D8-13C7-8484-4AC65E1B71E8}"
EndProject
Project("{2150E333-8FDC-42A3-9474-1A3956D46DE8}") = "Features", "Features", "{97F69B6E-8643-41C7-9816-49A885DCD4A2}"
EndProject
Project("{2150E333-8FDC-42A3-9474-1A3956D46DE8}") = "Infrastructure", "Infrastructure", "{ADB915B9-7C76-4A12-BC62-0C603457F96B}"
EndProject
Project("{2150E333-8FDC-42A3-9474-1A3956D46DE8}") = "Database", "Database", "{4D59F3BB-DD6A-4E66-9D72-C4B1E589F501}"
EndProject
Project("{2150E333-8FDC-42A3-9474-1A3956D46DE8}") = "Modules", "Modules", "{62FCA1BB-F9B6-482D-9FD5-2F2FC920D966}"
EndProject
Project("{2150E333-8FDC-42A3-9474-1A3956D46DE8}") = "Shared", "Shared", "{945C31FD-D6F8-4151-B6AF-CC2CE597DF36}"
EndProject
Project("{2150E333-8FDC-42A3-9474-1A3956D46DE8}") = "Materials", "Materials", "{40F9882D-8D52-4023-A4DB-ECB1815AACB1}"
EndProject
Project("{2150E333-8FDC-42A3-9474-1A3956D46DE8}") = "Inventory", "Inventory", "{B551456D-BBBE-4174-AE03-36B8B3C9503D}"
EndProject
Project("{2150E333-8FDC-42A3-9474-1A3956D46DE8}") = "Models", "Models", "{BE9FF04B-C8FA-48FA-9C1A-4508D8CACCF0}"
EndProject
Project("{2150E333-8FDC-42A3-9474-1A3956D46DE8}") = "Projects", "Projects", "{6398C842-1E51-4272-9993-0055BB2E71E3}"
EndProject
Project("{FAE04EC0-301F-11D3-BF4B-00C04F79EFBC}") = "PaintingProjectsManagement.Features.Materials", "PaintingProjectsManagement.Features.Materials\PaintingProjectsManagement.Features.Materials.csproj", "{9ABF31BF-F2E7-4154-B582-C06D187E6580}"
EndProject
Project("{FAE04EC0-301F-11D3-BF4B-00C04F79EFBC}") = "PaintingProjectsManagement.Features.Inventory", "PaintingProjectsManagement.Features.Inventory\PaintingProjectsManagement.Features.Inventory.csproj", "{83706609-FB7F-4379-8792-271832E89560}"
EndProject
Project("{FAE04EC0-301F-11D3-BF4B-00C04F79EFBC}") = "PaintingProjectsManagement.Features.Models", "PaintingProjectsManagement.Features.Models\PaintingProjectsManagement.Features.Models.csproj", "{64BA5928-FD21-4E72-A0CB-5A6E41B484C5}"
EndProject
Project("{FAE04EC0-301F-11D3-BF4B-00C04F79EFBC}") = "PaintingProjectsManagement.Features.Models.Tests", "PaintingProjectsManagement.Features.Models.Tests\PaintingProjectsManagement.Features.Models.Tests.csproj", "{4612225D-7B44-4FF3-8B1D-A4553648BE40}"
EndProject
Project("{FAE04EC0-301F-11D3-BF4B-00C04F79EFBC}") = "PaintingProjectsManagement.Features.Projects", "PaintingProjectsManagement.Features.Projects\PaintingProjectsManagement.Features.Projects.csproj", "{AF8BA3EC-24D5-4700-ABE5-18F42B4E2F4B}"
EndProject
Project("{FAE04EC0-301F-11D3-BF4B-00C04F79EFBC}") = "PaintingProjectsManagement.Features.Projects.Tests", "PaintingProjectsManagement.Features.Projects.Tests\PaintingProjectsManagement.Features.Projects.Tests.csproj", "{EAA37BE3-0203-41E9-9FD6-E23F64BCDBFA}"
EndProject
Project("{FAE04EC0-301F-11D3-BF4B-00C04F79EFBC}") = "PaintingProjectsManagment.Database", "PaintingProjectsManagment.Database\PaintingProjectsManagment.Database.csproj", "{EC8DE240-8A6E-4936-AD61-7B7160640261}"
EndProject
Project("{2150E333-8FDC-42A3-9474-1A3956D46DE8}") = "Solution Items", "Solution Items", "{8EC462FD-D22E-90A8-E5CE-7E832BA40C5D}"
	ProjectSection(SolutionItems) = preProject
		Add-Migration.txt = Add-Migration.txt
		Directory.Build.props = Directory.Build.props
		Directory.Packages.props = Directory.Packages.props
		lessons_learned.txt = lessons_learned.txt
		..\README.md = ..\README.md
		rbkApiModules\docs\README.md = rbkApiModules\docs\README.md
		requirements.txt = requirements.txt
		validator_ideas.txt = validator_ideas.txt
	EndProjectSection
EndProject
Project("{FAE04EC0-301F-11D3-BF4B-00C04F79EFBC}") = "PaintingProjectsManagement.Features.Materials.Integration", "PaintingProjectsManagement.Features.Materials.Abstractions\PaintingProjectsManagement.Features.Materials.Integration.csproj", "{14DC397B-CCB8-452B-A435-EA7F32A62AE8}"
EndProject
Project("{FAE04EC0-301F-11D3-BF4B-00C04F79EFBC}") = "PaintingProjectsManagement.Features.Authorization", "PaintingProjectsManagement.Features.Authorization\PaintingProjectsManagement.Features.Authorization.csproj", "{91A6FD4C-F4FD-4328-8BA4-78FD2B2F245E}"
EndProject
Project("{FAE04EC0-301F-11D3-BF4B-00C04F79EFBC}") = "PaintingProjectsManagement.Features.Core", "PaintingProjectsManagement.Features.Core\PaintingProjectsManagement.Features.Core.csproj", "{49EFBF12-CC8F-493D-9F26-73806AADCD0D}"
EndProject
Project("{FAE04EC0-301F-11D3-BF4B-00C04F79EFBC}") = "PaintingProjectsManagement.UI", "PaintingProjectsManagement.UI\PaintingProjectsManagement.UI.csproj", "{82D445C4-8530-2F07-F8AB-2D04C4D86344}"
EndProject
Project("{FAE04EC0-301F-11D3-BF4B-00C04F79EFBC}") = "PaintingProjectsManagement.Features.Projects.Integration", "PaintingProjectsManagement.Features.Projects.Abstractions\PaintingProjectsManagement.Features.Projects.Integration.csproj", "{21010993-786F-DB15-7AEA-1A1F2858729F}"
EndProject
Project("{FAE04EC0-301F-11D3-BF4B-00C04F79EFBC}") = "PaintingProjectsManagement.Features.Authorization.UI", "PaintingProjectsManagement.UI.Modules.Authentication\PaintingProjectsManagement.Features.Authorization.UI.csproj", "{4FD0EFFC-2EE4-DC52-6424-3F2CD1E15E12}"
EndProject
Project("{FAE04EC0-301F-11D3-BF4B-00C04F79EFBC}") = "PaintingProjectsManagement.Features.Materials.UI", "PaintingProjectsManagement.UI.Modules.Materials\PaintingProjectsManagement.Features.Materials.UI.csproj", "{B4368EA9-FEEB-A590-973D-36B8DC5306BF}"
EndProject
Project("{FAE04EC0-301F-11D3-BF4B-00C04F79EFBC}") = "PaintingProjectsManagement.Features.Shared.UI", "PaintingProjectsManagement.UI.Modules.Shared\PaintingProjectsManagement.Features.Shared.UI.csproj", "{DF1E9F4F-9277-6E1D-F325-10197274571F}"
EndProject
Project("{2150E333-8FDC-42A3-9474-1A3956D46DE8}") = "Authentication", "Authentication", "{277CFBFE-8931-4328-B65B-9ED42037BAFD}"
EndProject
Project("{2150E333-8FDC-42A3-9474-1A3956D46DE8}") = "Common", "Common", "{C3758D4C-6DAA-471C-BCA3-AC782E7BD78C}"
EndProject
Project("{FAE04EC0-301F-11D3-BF4B-00C04F79EFBC}") = "PaintingProjectsManagement.Features.Models.Integration", "PaintingProjectsManagement.Features.Models.Abstractions\PaintingProjectsManagement.Features.Models.Integration.csproj", "{965CF002-9D20-4C6B-BD89-BC6CAE84EBF8}"
EndProject
Project("{FAE04EC0-301F-11D3-BF4B-00C04F79EFBC}") = "PaintingProjectsManagement.Features.Models.UI", "PaintingProjectsManagement.UI.Modules.Models\PaintingProjectsManagement.Features.Models.UI.csproj", "{36C9B331-48E4-D506-98B8-26A9118B2979}"
EndProject
Project("{2150E333-8FDC-42A3-9474-1A3956D46DE8}") = "Testing", "Testing", "{CE5E17BC-8320-423F-88E3-080F5D2CD7F8}"
EndProject
Project("{FAE04EC0-301F-11D3-BF4B-00C04F79EFBC}") = "PaintingProjectsManagement.Testing.Core", "PaintingProjectsManagement.Testing.Core\PaintingProjectsManagement.Testing.Core.csproj", "{8873A856-A399-5538-2EF9-FFFFD4D09E4B}"
EndProject
Project("{2150E333-8FDC-42A3-9474-1A3956D46DE8}") = "Currency", "Currency", "{4BED9631-C8FF-4A27-B4E9-AD734F1216FE}"
EndProject
Project("{FAE04EC0-301F-11D3-BF4B-00C04F79EFBC}") = "PaintingProjectsManagement.Features.Currency", "PaintingProjectsManagement.Features.Currency\PaintingProjectsManagement.Features.Currency.csproj", "{74412597-73DA-4825-A8C9-78C4A0B7A109}"
EndProject
Project("{FAE04EC0-301F-11D3-BF4B-00C04F79EFBC}") = "PaintingProjectsManagement.Features.Projects.UI", "PaintingProjectsManagement.Features.Projects.UI\PaintingProjectsManagement.Features.Projects.UI.csproj", "{4248EE1A-8E3A-4DA2-BE47-49BDBE1522EF}"
EndProject
Project("{FAE04EC0-301F-11D3-BF4B-00C04F79EFBC}") = "PaintingProjectsManagement.Features.Inventory.UI", "PaintingProjectsManagement.Features.Inventory.UI\PaintingProjectsManagement.Features.Inventory.UI.csproj", "{A1B2C3D4-E5F6-7890-ABCD-EF1234567890}"
EndProject
Project("{FAE04EC0-301F-11D3-BF4B-00C04F79EFBC}") = "PaintingProjectsManagement.Features.Inventory.Integration", "PaintingProjectsManagement.Features.Inventory.Integration\PaintingProjectsManagement.Features.Inventory.Integration.csproj", "{66E1969D-7521-4308-DEB3-C73C1BDDB54E}"
EndProject
Global
	GlobalSection(SolutionConfigurationPlatforms) = preSolution
		Debug|Any CPU = Debug|Any CPU
		Debug|x64 = Debug|x64
		Debug|x86 = Debug|x86
		Release|Any CPU = Release|Any CPU
		Release|x64 = Release|x64
		Release|x86 = Release|x86
	EndGlobalSection
	GlobalSection(ProjectConfigurationPlatforms) = postSolution
		{9CBFB336-FFF3-B7F5-4AAB-EA81F533505A}.Debug|Any CPU.ActiveCfg = Debug|Any CPU
		{9CBFB336-FFF3-B7F5-4AAB-EA81F533505A}.Debug|Any CPU.Build.0 = Debug|Any CPU
		{9CBFB336-FFF3-B7F5-4AAB-EA81F533505A}.Debug|x64.ActiveCfg = Debug|Any CPU
		{9CBFB336-FFF3-B7F5-4AAB-EA81F533505A}.Debug|x64.Build.0 = Debug|Any CPU
		{9CBFB336-FFF3-B7F5-4AAB-EA81F533505A}.Debug|x86.ActiveCfg = Debug|Any CPU
		{9CBFB336-FFF3-B7F5-4AAB-EA81F533505A}.Debug|x86.Build.0 = Debug|Any CPU
		{9CBFB336-FFF3-B7F5-4AAB-EA81F533505A}.Release|Any CPU.ActiveCfg = Release|Any CPU
		{9CBFB336-FFF3-B7F5-4AAB-EA81F533505A}.Release|Any CPU.Build.0 = Release|Any CPU
		{9CBFB336-FFF3-B7F5-4AAB-EA81F533505A}.Release|x64.ActiveCfg = Release|Any CPU
		{9CBFB336-FFF3-B7F5-4AAB-EA81F533505A}.Release|x64.Build.0 = Release|Any CPU
		{9CBFB336-FFF3-B7F5-4AAB-EA81F533505A}.Release|x86.ActiveCfg = Release|Any CPU
		{9CBFB336-FFF3-B7F5-4AAB-EA81F533505A}.Release|x86.Build.0 = Release|Any CPU
		{8729A108-EC6E-4AC8-B8B1-AF77BC70D87D}.Debug|Any CPU.ActiveCfg = Debug|Any CPU
		{8729A108-EC6E-4AC8-B8B1-AF77BC70D87D}.Debug|Any CPU.Build.0 = Debug|Any CPU
		{8729A108-EC6E-4AC8-B8B1-AF77BC70D87D}.Debug|x64.ActiveCfg = Debug|Any CPU
		{8729A108-EC6E-4AC8-B8B1-AF77BC70D87D}.Debug|x64.Build.0 = Debug|Any CPU
		{8729A108-EC6E-4AC8-B8B1-AF77BC70D87D}.Debug|x86.ActiveCfg = Debug|Any CPU
		{8729A108-EC6E-4AC8-B8B1-AF77BC70D87D}.Debug|x86.Build.0 = Debug|Any CPU
		{8729A108-EC6E-4AC8-B8B1-AF77BC70D87D}.Release|Any CPU.ActiveCfg = Release|Any CPU
		{8729A108-EC6E-4AC8-B8B1-AF77BC70D87D}.Release|Any CPU.Build.0 = Release|Any CPU
		{8729A108-EC6E-4AC8-B8B1-AF77BC70D87D}.Release|x64.ActiveCfg = Release|Any CPU
		{8729A108-EC6E-4AC8-B8B1-AF77BC70D87D}.Release|x64.Build.0 = Release|Any CPU
		{8729A108-EC6E-4AC8-B8B1-AF77BC70D87D}.Release|x86.ActiveCfg = Release|Any CPU
		{8729A108-EC6E-4AC8-B8B1-AF77BC70D87D}.Release|x86.Build.0 = Release|Any CPU
		{38FFA2A0-C1AD-370F-B1E6-5AB5A54F0A40}.Debug|Any CPU.ActiveCfg = Debug|Any CPU
		{38FFA2A0-C1AD-370F-B1E6-5AB5A54F0A40}.Debug|Any CPU.Build.0 = Debug|Any CPU
		{38FFA2A0-C1AD-370F-B1E6-5AB5A54F0A40}.Debug|x64.ActiveCfg = Debug|Any CPU
		{38FFA2A0-C1AD-370F-B1E6-5AB5A54F0A40}.Debug|x64.Build.0 = Debug|Any CPU
		{38FFA2A0-C1AD-370F-B1E6-5AB5A54F0A40}.Debug|x86.ActiveCfg = Debug|Any CPU
		{38FFA2A0-C1AD-370F-B1E6-5AB5A54F0A40}.Debug|x86.Build.0 = Debug|Any CPU
		{38FFA2A0-C1AD-370F-B1E6-5AB5A54F0A40}.Release|Any CPU.ActiveCfg = Release|Any CPU
		{38FFA2A0-C1AD-370F-B1E6-5AB5A54F0A40}.Release|Any CPU.Build.0 = Release|Any CPU
		{38FFA2A0-C1AD-370F-B1E6-5AB5A54F0A40}.Release|x64.ActiveCfg = Release|Any CPU
		{38FFA2A0-C1AD-370F-B1E6-5AB5A54F0A40}.Release|x64.Build.0 = Release|Any CPU
		{38FFA2A0-C1AD-370F-B1E6-5AB5A54F0A40}.Release|x86.ActiveCfg = Release|Any CPU
		{38FFA2A0-C1AD-370F-B1E6-5AB5A54F0A40}.Release|x86.Build.0 = Release|Any CPU
		{9ABF31BF-F2E7-4154-B582-C06D187E6580}.Debug|Any CPU.ActiveCfg = Debug|Any CPU
		{9ABF31BF-F2E7-4154-B582-C06D187E6580}.Debug|Any CPU.Build.0 = Debug|Any CPU
		{9ABF31BF-F2E7-4154-B582-C06D187E6580}.Debug|x64.ActiveCfg = Debug|Any CPU
		{9ABF31BF-F2E7-4154-B582-C06D187E6580}.Debug|x64.Build.0 = Debug|Any CPU
		{9ABF31BF-F2E7-4154-B582-C06D187E6580}.Debug|x86.ActiveCfg = Debug|Any CPU
		{9ABF31BF-F2E7-4154-B582-C06D187E6580}.Debug|x86.Build.0 = Debug|Any CPU
		{9ABF31BF-F2E7-4154-B582-C06D187E6580}.Release|Any CPU.ActiveCfg = Release|Any CPU
		{9ABF31BF-F2E7-4154-B582-C06D187E6580}.Release|Any CPU.Build.0 = Release|Any CPU
		{9ABF31BF-F2E7-4154-B582-C06D187E6580}.Release|x64.ActiveCfg = Release|Any CPU
		{9ABF31BF-F2E7-4154-B582-C06D187E6580}.Release|x64.Build.0 = Release|Any CPU
		{9ABF31BF-F2E7-4154-B582-C06D187E6580}.Release|x86.ActiveCfg = Release|Any CPU
		{9ABF31BF-F2E7-4154-B582-C06D187E6580}.Release|x86.Build.0 = Release|Any CPU
		{83706609-FB7F-4379-8792-271832E89560}.Debug|Any CPU.ActiveCfg = Debug|Any CPU
		{83706609-FB7F-4379-8792-271832E89560}.Debug|Any CPU.Build.0 = Debug|Any CPU
		{83706609-FB7F-4379-8792-271832E89560}.Debug|x64.ActiveCfg = Debug|Any CPU
		{83706609-FB7F-4379-8792-271832E89560}.Debug|x64.Build.0 = Debug|Any CPU
		{83706609-FB7F-4379-8792-271832E89560}.Debug|x86.ActiveCfg = Debug|Any CPU
		{83706609-FB7F-4379-8792-271832E89560}.Debug|x86.Build.0 = Debug|Any CPU
		{83706609-FB7F-4379-8792-271832E89560}.Release|Any CPU.ActiveCfg = Release|Any CPU
		{83706609-FB7F-4379-8792-271832E89560}.Release|Any CPU.Build.0 = Release|Any CPU
		{83706609-FB7F-4379-8792-271832E89560}.Release|x64.ActiveCfg = Release|Any CPU
		{83706609-FB7F-4379-8792-271832E89560}.Release|x64.Build.0 = Release|Any CPU
		{83706609-FB7F-4379-8792-271832E89560}.Release|x86.ActiveCfg = Release|Any CPU
		{83706609-FB7F-4379-8792-271832E89560}.Release|x86.Build.0 = Release|Any CPU
		{64BA5928-FD21-4E72-A0CB-5A6E41B484C5}.Debug|Any CPU.ActiveCfg = Debug|Any CPU
		{64BA5928-FD21-4E72-A0CB-5A6E41B484C5}.Debug|Any CPU.Build.0 = Debug|Any CPU
		{64BA5928-FD21-4E72-A0CB-5A6E41B484C5}.Debug|x64.ActiveCfg = Debug|Any CPU
		{64BA5928-FD21-4E72-A0CB-5A6E41B484C5}.Debug|x64.Build.0 = Debug|Any CPU
		{64BA5928-FD21-4E72-A0CB-5A6E41B484C5}.Debug|x86.ActiveCfg = Debug|Any CPU
		{64BA5928-FD21-4E72-A0CB-5A6E41B484C5}.Debug|x86.Build.0 = Debug|Any CPU
		{64BA5928-FD21-4E72-A0CB-5A6E41B484C5}.Release|Any CPU.ActiveCfg = Release|Any CPU
		{64BA5928-FD21-4E72-A0CB-5A6E41B484C5}.Release|Any CPU.Build.0 = Release|Any CPU
		{64BA5928-FD21-4E72-A0CB-5A6E41B484C5}.Release|x64.ActiveCfg = Release|Any CPU
		{64BA5928-FD21-4E72-A0CB-5A6E41B484C5}.Release|x64.Build.0 = Release|Any CPU
		{64BA5928-FD21-4E72-A0CB-5A6E41B484C5}.Release|x86.ActiveCfg = Release|Any CPU
		{64BA5928-FD21-4E72-A0CB-5A6E41B484C5}.Release|x86.Build.0 = Release|Any CPU
		{4612225D-7B44-4FF3-8B1D-A4553648BE40}.Debug|Any CPU.ActiveCfg = Debug|Any CPU
		{4612225D-7B44-4FF3-8B1D-A4553648BE40}.Debug|Any CPU.Build.0 = Debug|Any CPU
		{4612225D-7B44-4FF3-8B1D-A4553648BE40}.Debug|x64.ActiveCfg = Debug|Any CPU
		{4612225D-7B44-4FF3-8B1D-A4553648BE40}.Debug|x64.Build.0 = Debug|Any CPU
		{4612225D-7B44-4FF3-8B1D-A4553648BE40}.Debug|x86.ActiveCfg = Debug|Any CPU
		{4612225D-7B44-4FF3-8B1D-A4553648BE40}.Debug|x86.Build.0 = Debug|Any CPU
		{4612225D-7B44-4FF3-8B1D-A4553648BE40}.Release|Any CPU.ActiveCfg = Release|Any CPU
		{4612225D-7B44-4FF3-8B1D-A4553648BE40}.Release|Any CPU.Build.0 = Release|Any CPU
		{4612225D-7B44-4FF3-8B1D-A4553648BE40}.Release|x64.ActiveCfg = Release|Any CPU
		{4612225D-7B44-4FF3-8B1D-A4553648BE40}.Release|x64.Build.0 = Release|Any CPU
		{4612225D-7B44-4FF3-8B1D-A4553648BE40}.Release|x86.ActiveCfg = Release|Any CPU
		{4612225D-7B44-4FF3-8B1D-A4553648BE40}.Release|x86.Build.0 = Release|Any CPU
		{AF8BA3EC-24D5-4700-ABE5-18F42B4E2F4B}.Debug|Any CPU.ActiveCfg = Debug|Any CPU
		{AF8BA3EC-24D5-4700-ABE5-18F42B4E2F4B}.Debug|Any CPU.Build.0 = Debug|Any CPU
		{AF8BA3EC-24D5-4700-ABE5-18F42B4E2F4B}.Debug|x64.ActiveCfg = Debug|Any CPU
		{AF8BA3EC-24D5-4700-ABE5-18F42B4E2F4B}.Debug|x64.Build.0 = Debug|Any CPU
		{AF8BA3EC-24D5-4700-ABE5-18F42B4E2F4B}.Debug|x86.ActiveCfg = Debug|Any CPU
		{AF8BA3EC-24D5-4700-ABE5-18F42B4E2F4B}.Debug|x86.Build.0 = Debug|Any CPU
		{AF8BA3EC-24D5-4700-ABE5-18F42B4E2F4B}.Release|Any CPU.ActiveCfg = Release|Any CPU
		{AF8BA3EC-24D5-4700-ABE5-18F42B4E2F4B}.Release|Any CPU.Build.0 = Release|Any CPU
		{AF8BA3EC-24D5-4700-ABE5-18F42B4E2F4B}.Release|x64.ActiveCfg = Release|Any CPU
		{AF8BA3EC-24D5-4700-ABE5-18F42B4E2F4B}.Release|x64.Build.0 = Release|Any CPU
		{AF8BA3EC-24D5-4700-ABE5-18F42B4E2F4B}.Release|x86.ActiveCfg = Release|Any CPU
		{AF8BA3EC-24D5-4700-ABE5-18F42B4E2F4B}.Release|x86.Build.0 = Release|Any CPU
		{EAA37BE3-0203-41E9-9FD6-E23F64BCDBFA}.Debug|Any CPU.ActiveCfg = Debug|Any CPU
		{EAA37BE3-0203-41E9-9FD6-E23F64BCDBFA}.Debug|Any CPU.Build.0 = Debug|Any CPU
		{EAA37BE3-0203-41E9-9FD6-E23F64BCDBFA}.Debug|x64.ActiveCfg = Debug|Any CPU
		{EAA37BE3-0203-41E9-9FD6-E23F64BCDBFA}.Debug|x64.Build.0 = Debug|Any CPU
		{EAA37BE3-0203-41E9-9FD6-E23F64BCDBFA}.Debug|x86.ActiveCfg = Debug|Any CPU
		{EAA37BE3-0203-41E9-9FD6-E23F64BCDBFA}.Debug|x86.Build.0 = Debug|Any CPU
		{EAA37BE3-0203-41E9-9FD6-E23F64BCDBFA}.Release|Any CPU.ActiveCfg = Release|Any CPU
		{EAA37BE3-0203-41E9-9FD6-E23F64BCDBFA}.Release|Any CPU.Build.0 = Release|Any CPU
		{EAA37BE3-0203-41E9-9FD6-E23F64BCDBFA}.Release|x64.ActiveCfg = Release|Any CPU
		{EAA37BE3-0203-41E9-9FD6-E23F64BCDBFA}.Release|x64.Build.0 = Release|Any CPU
		{EAA37BE3-0203-41E9-9FD6-E23F64BCDBFA}.Release|x86.ActiveCfg = Release|Any CPU
		{EAA37BE3-0203-41E9-9FD6-E23F64BCDBFA}.Release|x86.Build.0 = Release|Any CPU
		{EC8DE240-8A6E-4936-AD61-7B7160640261}.Debug|Any CPU.ActiveCfg = Debug|Any CPU
		{EC8DE240-8A6E-4936-AD61-7B7160640261}.Debug|Any CPU.Build.0 = Debug|Any CPU
		{EC8DE240-8A6E-4936-AD61-7B7160640261}.Debug|x64.ActiveCfg = Debug|Any CPU
		{EC8DE240-8A6E-4936-AD61-7B7160640261}.Debug|x64.Build.0 = Debug|Any CPU
		{EC8DE240-8A6E-4936-AD61-7B7160640261}.Debug|x86.ActiveCfg = Debug|Any CPU
		{EC8DE240-8A6E-4936-AD61-7B7160640261}.Debug|x86.Build.0 = Debug|Any CPU
		{EC8DE240-8A6E-4936-AD61-7B7160640261}.Release|Any CPU.ActiveCfg = Release|Any CPU
		{EC8DE240-8A6E-4936-AD61-7B7160640261}.Release|Any CPU.Build.0 = Release|Any CPU
		{EC8DE240-8A6E-4936-AD61-7B7160640261}.Release|x64.ActiveCfg = Release|Any CPU
		{EC8DE240-8A6E-4936-AD61-7B7160640261}.Release|x64.Build.0 = Release|Any CPU
		{EC8DE240-8A6E-4936-AD61-7B7160640261}.Release|x86.ActiveCfg = Release|Any CPU
		{EC8DE240-8A6E-4936-AD61-7B7160640261}.Release|x86.Build.0 = Release|Any CPU
		{14DC397B-CCB8-452B-A435-EA7F32A62AE8}.Debug|Any CPU.ActiveCfg = Debug|Any CPU
		{14DC397B-CCB8-452B-A435-EA7F32A62AE8}.Debug|Any CPU.Build.0 = Debug|Any CPU
		{14DC397B-CCB8-452B-A435-EA7F32A62AE8}.Debug|x64.ActiveCfg = Debug|Any CPU
		{14DC397B-CCB8-452B-A435-EA7F32A62AE8}.Debug|x64.Build.0 = Debug|Any CPU
		{14DC397B-CCB8-452B-A435-EA7F32A62AE8}.Debug|x86.ActiveCfg = Debug|Any CPU
		{14DC397B-CCB8-452B-A435-EA7F32A62AE8}.Debug|x86.Build.0 = Debug|Any CPU
		{14DC397B-CCB8-452B-A435-EA7F32A62AE8}.Release|Any CPU.ActiveCfg = Release|Any CPU
		{14DC397B-CCB8-452B-A435-EA7F32A62AE8}.Release|Any CPU.Build.0 = Release|Any CPU
		{14DC397B-CCB8-452B-A435-EA7F32A62AE8}.Release|x64.ActiveCfg = Release|Any CPU
		{14DC397B-CCB8-452B-A435-EA7F32A62AE8}.Release|x64.Build.0 = Release|Any CPU
		{14DC397B-CCB8-452B-A435-EA7F32A62AE8}.Release|x86.ActiveCfg = Release|Any CPU
		{14DC397B-CCB8-452B-A435-EA7F32A62AE8}.Release|x86.Build.0 = Release|Any CPU
		{91A6FD4C-F4FD-4328-8BA4-78FD2B2F245E}.Debug|Any CPU.ActiveCfg = Debug|Any CPU
		{91A6FD4C-F4FD-4328-8BA4-78FD2B2F245E}.Debug|Any CPU.Build.0 = Debug|Any CPU
		{91A6FD4C-F4FD-4328-8BA4-78FD2B2F245E}.Debug|x64.ActiveCfg = Debug|Any CPU
		{91A6FD4C-F4FD-4328-8BA4-78FD2B2F245E}.Debug|x64.Build.0 = Debug|Any CPU
		{91A6FD4C-F4FD-4328-8BA4-78FD2B2F245E}.Debug|x86.ActiveCfg = Debug|Any CPU
		{91A6FD4C-F4FD-4328-8BA4-78FD2B2F245E}.Debug|x86.Build.0 = Debug|Any CPU
		{91A6FD4C-F4FD-4328-8BA4-78FD2B2F245E}.Release|Any CPU.ActiveCfg = Release|Any CPU
		{91A6FD4C-F4FD-4328-8BA4-78FD2B2F245E}.Release|Any CPU.Build.0 = Release|Any CPU
		{91A6FD4C-F4FD-4328-8BA4-78FD2B2F245E}.Release|x64.ActiveCfg = Release|Any CPU
		{91A6FD4C-F4FD-4328-8BA4-78FD2B2F245E}.Release|x64.Build.0 = Release|Any CPU
		{91A6FD4C-F4FD-4328-8BA4-78FD2B2F245E}.Release|x86.ActiveCfg = Release|Any CPU
		{91A6FD4C-F4FD-4328-8BA4-78FD2B2F245E}.Release|x86.Build.0 = Release|Any CPU
		{49EFBF12-CC8F-493D-9F26-73806AADCD0D}.Debug|Any CPU.ActiveCfg = Debug|Any CPU
		{49EFBF12-CC8F-493D-9F26-73806AADCD0D}.Debug|Any CPU.Build.0 = Debug|Any CPU
		{49EFBF12-CC8F-493D-9F26-73806AADCD0D}.Debug|x64.ActiveCfg = Debug|Any CPU
		{49EFBF12-CC8F-493D-9F26-73806AADCD0D}.Debug|x64.Build.0 = Debug|Any CPU
		{49EFBF12-CC8F-493D-9F26-73806AADCD0D}.Debug|x86.ActiveCfg = Debug|Any CPU
		{49EFBF12-CC8F-493D-9F26-73806AADCD0D}.Debug|x86.Build.0 = Debug|Any CPU
		{49EFBF12-CC8F-493D-9F26-73806AADCD0D}.Release|Any CPU.ActiveCfg = Release|Any CPU
		{49EFBF12-CC8F-493D-9F26-73806AADCD0D}.Release|Any CPU.Build.0 = Release|Any CPU
		{49EFBF12-CC8F-493D-9F26-73806AADCD0D}.Release|x64.ActiveCfg = Release|Any CPU
		{49EFBF12-CC8F-493D-9F26-73806AADCD0D}.Release|x64.Build.0 = Release|Any CPU
		{49EFBF12-CC8F-493D-9F26-73806AADCD0D}.Release|x86.ActiveCfg = Release|Any CPU
		{49EFBF12-CC8F-493D-9F26-73806AADCD0D}.Release|x86.Build.0 = Release|Any CPU
		{82D445C4-8530-2F07-F8AB-2D04C4D86344}.Debug|Any CPU.ActiveCfg = Debug|Any CPU
		{82D445C4-8530-2F07-F8AB-2D04C4D86344}.Debug|Any CPU.Build.0 = Debug|Any CPU
		{82D445C4-8530-2F07-F8AB-2D04C4D86344}.Debug|x64.ActiveCfg = Debug|Any CPU
		{82D445C4-8530-2F07-F8AB-2D04C4D86344}.Debug|x64.Build.0 = Debug|Any CPU
		{82D445C4-8530-2F07-F8AB-2D04C4D86344}.Debug|x86.ActiveCfg = Debug|Any CPU
		{82D445C4-8530-2F07-F8AB-2D04C4D86344}.Debug|x86.Build.0 = Debug|Any CPU
		{82D445C4-8530-2F07-F8AB-2D04C4D86344}.Release|Any CPU.ActiveCfg = Release|Any CPU
		{82D445C4-8530-2F07-F8AB-2D04C4D86344}.Release|Any CPU.Build.0 = Release|Any CPU
		{82D445C4-8530-2F07-F8AB-2D04C4D86344}.Release|x64.ActiveCfg = Release|Any CPU
		{82D445C4-8530-2F07-F8AB-2D04C4D86344}.Release|x64.Build.0 = Release|Any CPU
		{82D445C4-8530-2F07-F8AB-2D04C4D86344}.Release|x86.ActiveCfg = Release|Any CPU
		{82D445C4-8530-2F07-F8AB-2D04C4D86344}.Release|x86.Build.0 = Release|Any CPU
		{21010993-786F-DB15-7AEA-1A1F2858729F}.Debug|Any CPU.ActiveCfg = Debug|Any CPU
		{21010993-786F-DB15-7AEA-1A1F2858729F}.Debug|Any CPU.Build.0 = Debug|Any CPU
		{21010993-786F-DB15-7AEA-1A1F2858729F}.Debug|x64.ActiveCfg = Debug|Any CPU
		{21010993-786F-DB15-7AEA-1A1F2858729F}.Debug|x64.Build.0 = Debug|Any CPU
		{21010993-786F-DB15-7AEA-1A1F2858729F}.Debug|x86.ActiveCfg = Debug|Any CPU
		{21010993-786F-DB15-7AEA-1A1F2858729F}.Debug|x86.Build.0 = Debug|Any CPU
		{21010993-786F-DB15-7AEA-1A1F2858729F}.Release|Any CPU.ActiveCfg = Release|Any CPU
		{21010993-786F-DB15-7AEA-1A1F2858729F}.Release|Any CPU.Build.0 = Release|Any CPU
		{21010993-786F-DB15-7AEA-1A1F2858729F}.Release|x64.ActiveCfg = Release|Any CPU
		{21010993-786F-DB15-7AEA-1A1F2858729F}.Release|x64.Build.0 = Release|Any CPU
		{21010993-786F-DB15-7AEA-1A1F2858729F}.Release|x86.ActiveCfg = Release|Any CPU
		{21010993-786F-DB15-7AEA-1A1F2858729F}.Release|x86.Build.0 = Release|Any CPU
		{4FD0EFFC-2EE4-DC52-6424-3F2CD1E15E12}.Debug|Any CPU.ActiveCfg = Debug|Any CPU
		{4FD0EFFC-2EE4-DC52-6424-3F2CD1E15E12}.Debug|Any CPU.Build.0 = Debug|Any CPU
		{4FD0EFFC-2EE4-DC52-6424-3F2CD1E15E12}.Debug|x64.ActiveCfg = Debug|Any CPU
		{4FD0EFFC-2EE4-DC52-6424-3F2CD1E15E12}.Debug|x64.Build.0 = Debug|Any CPU
		{4FD0EFFC-2EE4-DC52-6424-3F2CD1E15E12}.Debug|x86.ActiveCfg = Debug|Any CPU
		{4FD0EFFC-2EE4-DC52-6424-3F2CD1E15E12}.Debug|x86.Build.0 = Debug|Any CPU
		{4FD0EFFC-2EE4-DC52-6424-3F2CD1E15E12}.Release|Any CPU.ActiveCfg = Release|Any CPU
		{4FD0EFFC-2EE4-DC52-6424-3F2CD1E15E12}.Release|Any CPU.Build.0 = Release|Any CPU
		{4FD0EFFC-2EE4-DC52-6424-3F2CD1E15E12}.Release|x64.ActiveCfg = Release|Any CPU
		{4FD0EFFC-2EE4-DC52-6424-3F2CD1E15E12}.Release|x64.Build.0 = Release|Any CPU
		{4FD0EFFC-2EE4-DC52-6424-3F2CD1E15E12}.Release|x86.ActiveCfg = Release|Any CPU
		{4FD0EFFC-2EE4-DC52-6424-3F2CD1E15E12}.Release|x86.Build.0 = Release|Any CPU
		{B4368EA9-FEEB-A590-973D-36B8DC5306BF}.Debug|Any CPU.ActiveCfg = Debug|Any CPU
		{B4368EA9-FEEB-A590-973D-36B8DC5306BF}.Debug|Any CPU.Build.0 = Debug|Any CPU
		{B4368EA9-FEEB-A590-973D-36B8DC5306BF}.Debug|x64.ActiveCfg = Debug|Any CPU
		{B4368EA9-FEEB-A590-973D-36B8DC5306BF}.Debug|x64.Build.0 = Debug|Any CPU
		{B4368EA9-FEEB-A590-973D-36B8DC5306BF}.Debug|x86.ActiveCfg = Debug|Any CPU
		{B4368EA9-FEEB-A590-973D-36B8DC5306BF}.Debug|x86.Build.0 = Debug|Any CPU
		{B4368EA9-FEEB-A590-973D-36B8DC5306BF}.Release|Any CPU.ActiveCfg = Release|Any CPU
		{B4368EA9-FEEB-A590-973D-36B8DC5306BF}.Release|Any CPU.Build.0 = Release|Any CPU
		{B4368EA9-FEEB-A590-973D-36B8DC5306BF}.Release|x64.ActiveCfg = Release|Any CPU
		{B4368EA9-FEEB-A590-973D-36B8DC5306BF}.Release|x64.Build.0 = Release|Any CPU
		{B4368EA9-FEEB-A590-973D-36B8DC5306BF}.Release|x86.ActiveCfg = Release|Any CPU
		{B4368EA9-FEEB-A590-973D-36B8DC5306BF}.Release|x86.Build.0 = Release|Any CPU
		{DF1E9F4F-9277-6E1D-F325-10197274571F}.Debug|Any CPU.ActiveCfg = Debug|Any CPU
		{DF1E9F4F-9277-6E1D-F325-10197274571F}.Debug|Any CPU.Build.0 = Debug|Any CPU
		{DF1E9F4F-9277-6E1D-F325-10197274571F}.Debug|x64.ActiveCfg = Debug|Any CPU
		{DF1E9F4F-9277-6E1D-F325-10197274571F}.Debug|x64.Build.0 = Debug|Any CPU
		{DF1E9F4F-9277-6E1D-F325-10197274571F}.Debug|x86.ActiveCfg = Debug|Any CPU
		{DF1E9F4F-9277-6E1D-F325-10197274571F}.Debug|x86.Build.0 = Debug|Any CPU
		{DF1E9F4F-9277-6E1D-F325-10197274571F}.Release|Any CPU.ActiveCfg = Release|Any CPU
		{DF1E9F4F-9277-6E1D-F325-10197274571F}.Release|Any CPU.Build.0 = Release|Any CPU
		{DF1E9F4F-9277-6E1D-F325-10197274571F}.Release|x64.ActiveCfg = Release|Any CPU
		{DF1E9F4F-9277-6E1D-F325-10197274571F}.Release|x64.Build.0 = Release|Any CPU
		{DF1E9F4F-9277-6E1D-F325-10197274571F}.Release|x86.ActiveCfg = Release|Any CPU
		{DF1E9F4F-9277-6E1D-F325-10197274571F}.Release|x86.Build.0 = Release|Any CPU
		{965CF002-9D20-4C6B-BD89-BC6CAE84EBF8}.Debug|Any CPU.ActiveCfg = Debug|Any CPU
		{965CF002-9D20-4C6B-BD89-BC6CAE84EBF8}.Debug|Any CPU.Build.0 = Debug|Any CPU
		{965CF002-9D20-4C6B-BD89-BC6CAE84EBF8}.Debug|x64.ActiveCfg = Debug|Any CPU
		{965CF002-9D20-4C6B-BD89-BC6CAE84EBF8}.Debug|x64.Build.0 = Debug|Any CPU
		{965CF002-9D20-4C6B-BD89-BC6CAE84EBF8}.Debug|x86.ActiveCfg = Debug|Any CPU
		{965CF002-9D20-4C6B-BD89-BC6CAE84EBF8}.Debug|x86.Build.0 = Debug|Any CPU
		{965CF002-9D20-4C6B-BD89-BC6CAE84EBF8}.Release|Any CPU.ActiveCfg = Release|Any CPU
		{965CF002-9D20-4C6B-BD89-BC6CAE84EBF8}.Release|Any CPU.Build.0 = Release|Any CPU
		{965CF002-9D20-4C6B-BD89-BC6CAE84EBF8}.Release|x64.ActiveCfg = Release|Any CPU
		{965CF002-9D20-4C6B-BD89-BC6CAE84EBF8}.Release|x64.Build.0 = Release|Any CPU
		{965CF002-9D20-4C6B-BD89-BC6CAE84EBF8}.Release|x86.ActiveCfg = Release|Any CPU
		{965CF002-9D20-4C6B-BD89-BC6CAE84EBF8}.Release|x86.Build.0 = Release|Any CPU
		{36C9B331-48E4-D506-98B8-26A9118B2979}.Debug|Any CPU.ActiveCfg = Debug|Any CPU
		{36C9B331-48E4-D506-98B8-26A9118B2979}.Debug|Any CPU.Build.0 = Debug|Any CPU
		{36C9B331-48E4-D506-98B8-26A9118B2979}.Debug|x64.ActiveCfg = Debug|Any CPU
		{36C9B331-48E4-D506-98B8-26A9118B2979}.Debug|x64.Build.0 = Debug|Any CPU
		{36C9B331-48E4-D506-98B8-26A9118B2979}.Debug|x86.ActiveCfg = Debug|Any CPU
		{36C9B331-48E4-D506-98B8-26A9118B2979}.Debug|x86.Build.0 = Debug|Any CPU
		{36C9B331-48E4-D506-98B8-26A9118B2979}.Release|Any CPU.ActiveCfg = Release|Any CPU
		{36C9B331-48E4-D506-98B8-26A9118B2979}.Release|Any CPU.Build.0 = Release|Any CPU
		{36C9B331-48E4-D506-98B8-26A9118B2979}.Release|x64.ActiveCfg = Release|Any CPU
		{36C9B331-48E4-D506-98B8-26A9118B2979}.Release|x64.Build.0 = Release|Any CPU
		{36C9B331-48E4-D506-98B8-26A9118B2979}.Release|x86.ActiveCfg = Release|Any CPU
		{36C9B331-48E4-D506-98B8-26A9118B2979}.Release|x86.Build.0 = Release|Any CPU
		{8873A856-A399-5538-2EF9-FFFFD4D09E4B}.Debug|Any CPU.ActiveCfg = Debug|Any CPU
		{8873A856-A399-5538-2EF9-FFFFD4D09E4B}.Debug|Any CPU.Build.0 = Debug|Any CPU
		{8873A856-A399-5538-2EF9-FFFFD4D09E4B}.Debug|x64.ActiveCfg = Debug|Any CPU
		{8873A856-A399-5538-2EF9-FFFFD4D09E4B}.Debug|x64.Build.0 = Debug|Any CPU
		{8873A856-A399-5538-2EF9-FFFFD4D09E4B}.Debug|x86.ActiveCfg = Debug|Any CPU
		{8873A856-A399-5538-2EF9-FFFFD4D09E4B}.Debug|x86.Build.0 = Debug|Any CPU
		{8873A856-A399-5538-2EF9-FFFFD4D09E4B}.Release|Any CPU.ActiveCfg = Release|Any CPU
		{8873A856-A399-5538-2EF9-FFFFD4D09E4B}.Release|Any CPU.Build.0 = Release|Any CPU
		{8873A856-A399-5538-2EF9-FFFFD4D09E4B}.Release|x64.ActiveCfg = Release|Any CPU
		{8873A856-A399-5538-2EF9-FFFFD4D09E4B}.Release|x64.Build.0 = Release|Any CPU
		{8873A856-A399-5538-2EF9-FFFFD4D09E4B}.Release|x86.ActiveCfg = Release|Any CPU
		{8873A856-A399-5538-2EF9-FFFFD4D09E4B}.Release|x86.Build.0 = Release|Any CPU
		{74412597-73DA-4825-A8C9-78C4A0B7A109}.Debug|Any CPU.ActiveCfg = Debug|Any CPU
		{74412597-73DA-4825-A8C9-78C4A0B7A109}.Debug|Any CPU.Build.0 = Debug|Any CPU
		{74412597-73DA-4825-A8C9-78C4A0B7A109}.Debug|x64.ActiveCfg = Debug|Any CPU
		{74412597-73DA-4825-A8C9-78C4A0B7A109}.Debug|x64.Build.0 = Debug|Any CPU
		{74412597-73DA-4825-A8C9-78C4A0B7A109}.Debug|x86.ActiveCfg = Debug|Any CPU
		{74412597-73DA-4825-A8C9-78C4A0B7A109}.Debug|x86.Build.0 = Debug|Any CPU
		{74412597-73DA-4825-A8C9-78C4A0B7A109}.Release|Any CPU.ActiveCfg = Release|Any CPU
		{74412597-73DA-4825-A8C9-78C4A0B7A109}.Release|Any CPU.Build.0 = Release|Any CPU
		{74412597-73DA-4825-A8C9-78C4A0B7A109}.Release|x64.ActiveCfg = Release|Any CPU
		{74412597-73DA-4825-A8C9-78C4A0B7A109}.Release|x64.Build.0 = Release|Any CPU
		{74412597-73DA-4825-A8C9-78C4A0B7A109}.Release|x86.ActiveCfg = Release|Any CPU
		{74412597-73DA-4825-A8C9-78C4A0B7A109}.Release|x86.Build.0 = Release|Any CPU
		{4248EE1A-8E3A-4DA2-BE47-49BDBE1522EF}.Debug|Any CPU.ActiveCfg = Debug|Any CPU
		{4248EE1A-8E3A-4DA2-BE47-49BDBE1522EF}.Debug|Any CPU.Build.0 = Debug|Any CPU
		{4248EE1A-8E3A-4DA2-BE47-49BDBE1522EF}.Debug|x64.ActiveCfg = Debug|Any CPU
		{4248EE1A-8E3A-4DA2-BE47-49BDBE1522EF}.Debug|x64.Build.0 = Debug|Any CPU
		{4248EE1A-8E3A-4DA2-BE47-49BDBE1522EF}.Debug|x86.ActiveCfg = Debug|Any CPU
		{4248EE1A-8E3A-4DA2-BE47-49BDBE1522EF}.Debug|x86.Build.0 = Debug|Any CPU
		{4248EE1A-8E3A-4DA2-BE47-49BDBE1522EF}.Release|Any CPU.ActiveCfg = Release|Any CPU
		{4248EE1A-8E3A-4DA2-BE47-49BDBE1522EF}.Release|Any CPU.Build.0 = Release|Any CPU
		{4248EE1A-8E3A-4DA2-BE47-49BDBE1522EF}.Release|x64.ActiveCfg = Release|Any CPU
		{4248EE1A-8E3A-4DA2-BE47-49BDBE1522EF}.Release|x64.Build.0 = Release|Any CPU
		{4248EE1A-8E3A-4DA2-BE47-49BDBE1522EF}.Release|x86.ActiveCfg = Release|Any CPU
		{4248EE1A-8E3A-4DA2-BE47-49BDBE1522EF}.Release|x86.Build.0 = Release|Any CPU
		{A1B2C3D4-E5F6-7890-ABCD-EF1234567890}.Debug|Any CPU.ActiveCfg = Debug|Any CPU
		{A1B2C3D4-E5F6-7890-ABCD-EF1234567890}.Debug|Any CPU.Build.0 = Debug|Any CPU
		{A1B2C3D4-E5F6-7890-ABCD-EF1234567890}.Debug|x64.ActiveCfg = Debug|Any CPU
		{A1B2C3D4-E5F6-7890-ABCD-EF1234567890}.Debug|x64.Build.0 = Debug|Any CPU
		{A1B2C3D4-E5F6-7890-ABCD-EF1234567890}.Debug|x86.ActiveCfg = Debug|Any CPU
		{A1B2C3D4-E5F6-7890-ABCD-EF1234567890}.Debug|x86.Build.0 = Debug|Any CPU
		{A1B2C3D4-E5F6-7890-ABCD-EF1234567890}.Release|Any CPU.ActiveCfg = Release|Any CPU
		{A1B2C3D4-E5F6-7890-ABCD-EF1234567890}.Release|Any CPU.Build.0 = Release|Any CPU
		{A1B2C3D4-E5F6-7890-ABCD-EF1234567890}.Release|x64.ActiveCfg = Release|Any CPU
		{A1B2C3D4-E5F6-7890-ABCD-EF1234567890}.Release|x64.Build.0 = Release|Any CPU
		{A1B2C3D4-E5F6-7890-ABCD-EF1234567890}.Release|x86.ActiveCfg = Release|Any CPU
		{A1B2C3D4-E5F6-7890-ABCD-EF1234567890}.Release|x86.Build.0 = Release|Any CPU
		{66E1969D-7521-4308-DEB3-C73C1BDDB54E}.Debug|Any CPU.ActiveCfg = Debug|Any CPU
		{66E1969D-7521-4308-DEB3-C73C1BDDB54E}.Debug|Any CPU.Build.0 = Debug|Any CPU
		{66E1969D-7521-4308-DEB3-C73C1BDDB54E}.Debug|x64.ActiveCfg = Debug|Any CPU
		{66E1969D-7521-4308-DEB3-C73C1BDDB54E}.Debug|x64.Build.0 = Debug|Any CPU
		{66E1969D-7521-4308-DEB3-C73C1BDDB54E}.Debug|x86.ActiveCfg = Debug|Any CPU
		{66E1969D-7521-4308-DEB3-C73C1BDDB54E}.Debug|x86.Build.0 = Debug|Any CPU
		{66E1969D-7521-4308-DEB3-C73C1BDDB54E}.Release|Any CPU.ActiveCfg = Release|Any CPU
		{66E1969D-7521-4308-DEB3-C73C1BDDB54E}.Release|Any CPU.Build.0 = Release|Any CPU
		{66E1969D-7521-4308-DEB3-C73C1BDDB54E}.Release|x64.ActiveCfg = Release|Any CPU
		{66E1969D-7521-4308-DEB3-C73C1BDDB54E}.Release|x64.Build.0 = Release|Any CPU
		{66E1969D-7521-4308-DEB3-C73C1BDDB54E}.Release|x86.ActiveCfg = Release|Any CPU
		{66E1969D-7521-4308-DEB3-C73C1BDDB54E}.Release|x86.Build.0 = Release|Any CPU
	EndGlobalSection
	GlobalSection(SolutionProperties) = preSolution
		HideSolutionNode = FALSE
	EndGlobalSection
	GlobalSection(NestedProjects) = preSolution
		{8729A108-EC6E-4AC8-B8B1-AF77BC70D87D} = {02EA681E-C7D8-13C7-8484-4AC65E1B71E8}
		{38FFA2A0-C1AD-370F-B1E6-5AB5A54F0A40} = {02EA681E-C7D8-13C7-8484-4AC65E1B71E8}
		{62FCA1BB-F9B6-482D-9FD5-2F2FC920D966} = {97F69B6E-8643-41C7-9816-49A885DCD4A2}
		{945C31FD-D6F8-4151-B6AF-CC2CE597DF36} = {97F69B6E-8643-41C7-9816-49A885DCD4A2}
		{40F9882D-8D52-4023-A4DB-ECB1815AACB1} = {62FCA1BB-F9B6-482D-9FD5-2F2FC920D966}
		{B551456D-BBBE-4174-AE03-36B8B3C9503D} = {62FCA1BB-F9B6-482D-9FD5-2F2FC920D966}
		{BE9FF04B-C8FA-48FA-9C1A-4508D8CACCF0} = {62FCA1BB-F9B6-482D-9FD5-2F2FC920D966}
		{6398C842-1E51-4272-9993-0055BB2E71E3} = {62FCA1BB-F9B6-482D-9FD5-2F2FC920D966}
		{9ABF31BF-F2E7-4154-B582-C06D187E6580} = {40F9882D-8D52-4023-A4DB-ECB1815AACB1}
		{83706609-FB7F-4379-8792-271832E89560} = {B551456D-BBBE-4174-AE03-36B8B3C9503D}
		{64BA5928-FD21-4E72-A0CB-5A6E41B484C5} = {BE9FF04B-C8FA-48FA-9C1A-4508D8CACCF0}
		{4612225D-7B44-4FF3-8B1D-A4553648BE40} = {BE9FF04B-C8FA-48FA-9C1A-4508D8CACCF0}
		{AF8BA3EC-24D5-4700-ABE5-18F42B4E2F4B} = {6398C842-1E51-4272-9993-0055BB2E71E3}
		{EAA37BE3-0203-41E9-9FD6-E23F64BCDBFA} = {6398C842-1E51-4272-9993-0055BB2E71E3}
		{EC8DE240-8A6E-4936-AD61-7B7160640261} = {4D59F3BB-DD6A-4E66-9D72-C4B1E589F501}
		{14DC397B-CCB8-452B-A435-EA7F32A62AE8} = {40F9882D-8D52-4023-A4DB-ECB1815AACB1}
		{91A6FD4C-F4FD-4328-8BA4-78FD2B2F245E} = {277CFBFE-8931-4328-B65B-9ED42037BAFD}
		{49EFBF12-CC8F-493D-9F26-73806AADCD0D} = {C3758D4C-6DAA-471C-BCA3-AC782E7BD78C}
		{21010993-786F-DB15-7AEA-1A1F2858729F} = {6398C842-1E51-4272-9993-0055BB2E71E3}
		{4FD0EFFC-2EE4-DC52-6424-3F2CD1E15E12} = {277CFBFE-8931-4328-B65B-9ED42037BAFD}
		{B4368EA9-FEEB-A590-973D-36B8DC5306BF} = {40F9882D-8D52-4023-A4DB-ECB1815AACB1}
		{DF1E9F4F-9277-6E1D-F325-10197274571F} = {C3758D4C-6DAA-471C-BCA3-AC782E7BD78C}
		{277CFBFE-8931-4328-B65B-9ED42037BAFD} = {945C31FD-D6F8-4151-B6AF-CC2CE597DF36}
		{C3758D4C-6DAA-471C-BCA3-AC782E7BD78C} = {945C31FD-D6F8-4151-B6AF-CC2CE597DF36}
		{965CF002-9D20-4C6B-BD89-BC6CAE84EBF8} = {BE9FF04B-C8FA-48FA-9C1A-4508D8CACCF0}
		{36C9B331-48E4-D506-98B8-26A9118B2979} = {BE9FF04B-C8FA-48FA-9C1A-4508D8CACCF0}
		{CE5E17BC-8320-423F-88E3-080F5D2CD7F8} = {945C31FD-D6F8-4151-B6AF-CC2CE597DF36}
		{8873A856-A399-5538-2EF9-FFFFD4D09E4B} = {CE5E17BC-8320-423F-88E3-080F5D2CD7F8}
		{4BED9631-C8FF-4A27-B4E9-AD734F1216FE} = {945C31FD-D6F8-4151-B6AF-CC2CE597DF36}
		{74412597-73DA-4825-A8C9-78C4A0B7A109} = {4BED9631-C8FF-4A27-B4E9-AD734F1216FE}
		{4248EE1A-8E3A-4DA2-BE47-49BDBE1522EF} = {6398C842-1E51-4272-9993-0055BB2E71E3}
		{A1B2C3D4-E5F6-7890-ABCD-EF1234567890} = {B551456D-BBBE-4174-AE03-36B8B3C9503D}
		{66E1969D-7521-4308-DEB3-C73C1BDDB54E} = {B551456D-BBBE-4174-AE03-36B8B3C9503D}
	EndGlobalSection
	GlobalSection(ExtensibilityGlobals) = postSolution
		SolutionGuid = {4D9D84DD-C876-47C0-8479-5AA1E9881CFA}
	EndGlobalSection
EndGlobal
